// !$*UTF8*$!
{
	archiveVersion = 1;
	classes = {
	};
	objectVersion = 50;
	objects = {

/* Begin PBXBuildFile section */
		B53A921F22A2468100C2A1F8 /* Extent.cpp in Sources */ = {isa = PBXBuildFile; fileRef = B53A921A22A2463300C2A1F8 /* Extent.cpp */; };
		B53A922022A2468700C2A1F8 /* Extent.hpp in Headers */ = {isa = PBXBuildFile; fileRef = B53A921C22A2464900C2A1F8 /* Extent.hpp */; };
		B53A922122A2468700C2A1F8 /* Ray.hpp in Headers */ = {isa = PBXBuildFile; fileRef = B53A921D22A2464900C2A1F8 /* Ray.hpp */; };
		B53A922822A3EF5B00C2A1F8 /* Scene.cpp in Sources */ = {isa = PBXBuildFile; fileRef = B53A922722A3EF5B00C2A1F8 /* Scene.cpp */; };
		B53A922A22A3EF6A00C2A1F8 /* Scene.hpp in Headers */ = {isa = PBXBuildFile; fileRef = B53A922922A3EF6A00C2A1F8 /* Scene.hpp */; };
		B53A922C22AA8C7000C2A1F8 /* Camera.cpp in Sources */ = {isa = PBXBuildFile; fileRef = B53A922B22AA8C7000C2A1F8 /* Camera.cpp */; };
		B53A922E22AA8C7D00C2A1F8 /* Camera.hpp in Headers */ = {isa = PBXBuildFile; fileRef = B53A922D22AA8C7D00C2A1F8 /* Camera.hpp */; };
		B53A923022ACC9EE00C2A1F8 /* Object.hpp in Headers */ = {isa = PBXBuildFile; fileRef = B53A922F22ACC9ED00C2A1F8 /* Object.hpp */; };
		B53A923222ACC9FC00C2A1F8 /* Object.cpp in Sources */ = {isa = PBXBuildFile; fileRef = B53A923122ACC9FB00C2A1F8 /* Object.cpp */; };
		B53A923422ACCEE300C2A1F8 /* Sphere.hpp in Headers */ = {isa = PBXBuildFile; fileRef = B53A923322ACCEE200C2A1F8 /* Sphere.hpp */; };
		B53A923622ACD12500C2A1F8 /* Sphere.cpp in Sources */ = {isa = PBXBuildFile; fileRef = B53A923522ACD12500C2A1F8 /* Sphere.cpp */; };
		B53A923822ACD22B00C2A1F8 /* Group.cpp in Sources */ = {isa = PBXBuildFile; fileRef = B53A923722ACD22B00C2A1F8 /* Group.cpp */; };
		B53A923A22ACD2BF00C2A1F8 /* Group.hpp in Headers */ = {isa = PBXBuildFile; fileRef = B53A923922ACD2BF00C2A1F8 /* Group.hpp */; };
/* End PBXBuildFile section */

/* Begin PBXFileReference section */
		B53A90FA22A1DF4E00C2A1F8 /* libDalRT.a */ = {isa = PBXFileReference; explicitFileType = archive.ar; includeInIndex = 0; path = libDalRT.a; sourceTree = BUILT_PRODUCTS_DIR; };
		B53A911222A2463200C2A1F8 /* vec4.hpp */ = {isa = PBXFileReference; lastKnownFileType = sourcecode.cpp.h; path = vec4.hpp; sourceTree = "<group>"; };
		B53A911322A2463200C2A1F8 /* integer.hpp */ = {isa = PBXFileReference; lastKnownFileType = sourcecode.cpp.h; path = integer.hpp; sourceTree = "<group>"; };
		B53A911422A2463200C2A1F8 /* vector_relational.hpp */ = {isa = PBXFileReference; lastKnownFileType = sourcecode.cpp.h; path = vector_relational.hpp; sourceTree = "<group>"; };
		B53A911522A2463200C2A1F8 /* mat2x3.hpp */ = {isa = PBXFileReference; lastKnownFileType = sourcecode.cpp.h; path = mat2x3.hpp; sourceTree = "<group>"; };
		B53A911622A2463200C2A1F8 /* mat4x4.hpp */ = {isa = PBXFileReference; lastKnownFileType = sourcecode.cpp.h; path = mat4x4.hpp; sourceTree = "<group>"; };
		B53A911722A2463200C2A1F8 /* mat2x2.hpp */ = {isa = PBXFileReference; lastKnownFileType = sourcecode.cpp.h; path = mat2x2.hpp; sourceTree = "<group>"; };
		B53A911822A2463200C2A1F8 /* exponential.hpp */ = {isa = PBXFileReference; lastKnownFileType = sourcecode.cpp.h; path = exponential.hpp; sourceTree = "<group>"; };
		B53A911922A2463200C2A1F8 /* vec2.hpp */ = {isa = PBXFileReference; lastKnownFileType = sourcecode.cpp.h; path = vec2.hpp; sourceTree = "<group>"; };
		B53A911A22A2463200C2A1F8 /* CMakeLists.txt */ = {isa = PBXFileReference; lastKnownFileType = text; path = CMakeLists.txt; sourceTree = "<group>"; };
		B53A911B22A2463200C2A1F8 /* vec3.hpp */ = {isa = PBXFileReference; lastKnownFileType = sourcecode.cpp.h; path = vec3.hpp; sourceTree = "<group>"; };
		B53A911C22A2463200C2A1F8 /* fwd.hpp */ = {isa = PBXFileReference; lastKnownFileType = sourcecode.cpp.h; path = fwd.hpp; sourceTree = "<group>"; };
		B53A911D22A2463200C2A1F8 /* mat4x3.hpp */ = {isa = PBXFileReference; lastKnownFileType = sourcecode.cpp.h; path = mat4x3.hpp; sourceTree = "<group>"; };
		B53A911E22A2463200C2A1F8 /* mat4x2.hpp */ = {isa = PBXFileReference; lastKnownFileType = sourcecode.cpp.h; path = mat4x2.hpp; sourceTree = "<group>"; };
		B53A911F22A2463200C2A1F8 /* mat2x4.hpp */ = {isa = PBXFileReference; lastKnownFileType = sourcecode.cpp.h; path = mat2x4.hpp; sourceTree = "<group>"; };
		B53A912022A2463200C2A1F8 /* packing.hpp */ = {isa = PBXFileReference; lastKnownFileType = sourcecode.cpp.h; path = packing.hpp; sourceTree = "<group>"; };
		B53A912122A2463200C2A1F8 /* mat3x3.hpp */ = {isa = PBXFileReference; lastKnownFileType = sourcecode.cpp.h; path = mat3x3.hpp; sourceTree = "<group>"; };
		B53A912222A2463200C2A1F8 /* mat3x2.hpp */ = {isa = PBXFileReference; lastKnownFileType = sourcecode.cpp.h; path = mat3x2.hpp; sourceTree = "<group>"; };
		B53A912422A2463200C2A1F8 /* vector_relational.h */ = {isa = PBXFileReference; lastKnownFileType = sourcecode.c.h; path = vector_relational.h; sourceTree = "<group>"; };
		B53A912522A2463200C2A1F8 /* matrix.h */ = {isa = PBXFileReference; lastKnownFileType = sourcecode.c.h; path = matrix.h; sourceTree = "<group>"; };
		B53A912622A2463200C2A1F8 /* packing.h */ = {isa = PBXFileReference; lastKnownFileType = sourcecode.c.h; path = packing.h; sourceTree = "<group>"; };
		B53A912722A2463200C2A1F8 /* common.h */ = {isa = PBXFileReference; lastKnownFileType = sourcecode.c.h; path = common.h; sourceTree = "<group>"; };
		B53A912822A2463200C2A1F8 /* trigonometric.h */ = {isa = PBXFileReference; lastKnownFileType = sourcecode.c.h; path = trigonometric.h; sourceTree = "<group>"; };
		B53A912922A2463200C2A1F8 /* geometric.h */ = {isa = PBXFileReference; lastKnownFileType = sourcecode.c.h; path = geometric.h; sourceTree = "<group>"; };
		B53A912A22A2463200C2A1F8 /* integer.h */ = {isa = PBXFileReference; lastKnownFileType = sourcecode.c.h; path = integer.h; sourceTree = "<group>"; };
		B53A912B22A2463200C2A1F8 /* platform.h */ = {isa = PBXFileReference; lastKnownFileType = sourcecode.c.h; path = platform.h; sourceTree = "<group>"; };
		B53A912C22A2463200C2A1F8 /* exponential.h */ = {isa = PBXFileReference; lastKnownFileType = sourcecode.c.h; path = exponential.h; sourceTree = "<group>"; };
		B53A912D22A2463200C2A1F8 /* mat3x4.hpp */ = {isa = PBXFileReference; lastKnownFileType = sourcecode.cpp.h; path = mat3x4.hpp; sourceTree = "<group>"; };
		B53A912E22A2463200C2A1F8 /* matrix.hpp */ = {isa = PBXFileReference; lastKnownFileType = sourcecode.cpp.h; path = matrix.hpp; sourceTree = "<group>"; };
		B53A912F22A2463200C2A1F8 /* glm.hpp */ = {isa = PBXFileReference; lastKnownFileType = sourcecode.cpp.h; path = glm.hpp; sourceTree = "<group>"; };
		B53A913022A2463200C2A1F8 /* trigonometric.hpp */ = {isa = PBXFileReference; lastKnownFileType = sourcecode.cpp.h; path = trigonometric.hpp; sourceTree = "<group>"; };
		B53A913122A2463200C2A1F8 /* geometric.hpp */ = {isa = PBXFileReference; lastKnownFileType = sourcecode.cpp.h; path = geometric.hpp; sourceTree = "<group>"; };
		B53A913322A2463200C2A1F8 /* type_vec.hpp */ = {isa = PBXFileReference; lastKnownFileType = sourcecode.cpp.h; path = type_vec.hpp; sourceTree = "<group>"; };
		B53A913422A2463200C2A1F8 /* func_geometric.hpp */ = {isa = PBXFileReference; lastKnownFileType = sourcecode.cpp.h; path = func_geometric.hpp; sourceTree = "<group>"; };
		B53A913522A2463200C2A1F8 /* func_exponential.inl */ = {isa = PBXFileReference; lastKnownFileType = text; path = func_exponential.inl; sourceTree = "<group>"; };
		B53A913622A2463200C2A1F8 /* func_trigonometric.hpp */ = {isa = PBXFileReference; lastKnownFileType = sourcecode.cpp.h; path = func_trigonometric.hpp; sourceTree = "<group>"; };
		B53A913722A2463200C2A1F8 /* func_integer_simd.inl */ = {isa = PBXFileReference; lastKnownFileType = text; path = func_integer_simd.inl; sourceTree = "<group>"; };
		B53A913822A2463200C2A1F8 /* func_vector_relational.inl */ = {isa = PBXFileReference; lastKnownFileType = text; path = func_vector_relational.inl; sourceTree = "<group>"; };
		B53A913922A2463200C2A1F8 /* func_packing.inl */ = {isa = PBXFileReference; lastKnownFileType = text; path = func_packing.inl; sourceTree = "<group>"; };
		B53A913A22A2463200C2A1F8 /* func_common.hpp */ = {isa = PBXFileReference; lastKnownFileType = sourcecode.cpp.h; path = func_common.hpp; sourceTree = "<group>"; };
		B53A913B22A2463200C2A1F8 /* _fixes.hpp */ = {isa = PBXFileReference; lastKnownFileType = sourcecode.cpp.h; path = _fixes.hpp; sourceTree = "<group>"; };
		B53A913C22A2463200C2A1F8 /* type_half.inl */ = {isa = PBXFileReference; lastKnownFileType = text; path = type_half.inl; sourceTree = "<group>"; };
		B53A913D22A2463200C2A1F8 /* func_integer.hpp */ = {isa = PBXFileReference; lastKnownFileType = sourcecode.cpp.h; path = func_integer.hpp; sourceTree = "<group>"; };
		B53A913E22A2463200C2A1F8 /* func_vector_relational_simd.inl */ = {isa = PBXFileReference; lastKnownFileType = text; path = func_vector_relational_simd.inl; sourceTree = "<group>"; };
		B53A913F22A2463200C2A1F8 /* func_matrix_simd.inl */ = {isa = PBXFileReference; lastKnownFileType = text; path = func_matrix_simd.inl; sourceTree = "<group>"; };
		B53A914022A2463200C2A1F8 /* type_int.hpp */ = {isa = PBXFileReference; lastKnownFileType = sourcecode.cpp.h; path = type_int.hpp; sourceTree = "<group>"; };
		B53A914122A2463200C2A1F8 /* _noise.hpp */ = {isa = PBXFileReference; lastKnownFileType = sourcecode.cpp.h; path = _noise.hpp; sourceTree = "<group>"; };
		B53A914222A2463200C2A1F8 /* type_half.hpp */ = {isa = PBXFileReference; lastKnownFileType = sourcecode.cpp.h; path = type_half.hpp; sourceTree = "<group>"; };
		B53A914322A2463200C2A1F8 /* _features.hpp */ = {isa = PBXFileReference; lastKnownFileType = sourcecode.cpp.h; path = _features.hpp; sourceTree = "<group>"; };
		B53A914422A2463200C2A1F8 /* func_integer.inl */ = {isa = PBXFileReference; lastKnownFileType = text; path = func_integer.inl; sourceTree = "<group>"; };
		B53A914522A2463200C2A1F8 /* _vectorize.hpp */ = {isa = PBXFileReference; lastKnownFileType = sourcecode.cpp.h; path = _vectorize.hpp; sourceTree = "<group>"; };
		B53A914622A2463300C2A1F8 /* func_exponential.hpp */ = {isa = PBXFileReference; lastKnownFileType = sourcecode.cpp.h; path = func_exponential.hpp; sourceTree = "<group>"; };
		B53A914722A2463300C2A1F8 /* func_geometric.inl */ = {isa = PBXFileReference; lastKnownFileType = text; path = func_geometric.inl; sourceTree = "<group>"; };
		B53A914822A2463300C2A1F8 /* type_vec.inl */ = {isa = PBXFileReference; lastKnownFileType = text; path = type_vec.inl; sourceTree = "<group>"; };
		B53A914922A2463300C2A1F8 /* func_common.inl */ = {isa = PBXFileReference; lastKnownFileType = text; path = func_common.inl; sourceTree = "<group>"; };
		B53A914A22A2463300C2A1F8 /* func_packing.hpp */ = {isa = PBXFileReference; lastKnownFileType = sourcecode.cpp.h; path = func_packing.hpp; sourceTree = "<group>"; };
		B53A914B22A2463300C2A1F8 /* func_vector_relational.hpp */ = {isa = PBXFileReference; lastKnownFileType = sourcecode.cpp.h; path = func_vector_relational.hpp; sourceTree = "<group>"; };
		B53A914C22A2463300C2A1F8 /* func_trigonometric.inl */ = {isa = PBXFileReference; lastKnownFileType = text; path = func_trigonometric.inl; sourceTree = "<group>"; };
		B53A914D22A2463300C2A1F8 /* type_mat2x4.inl */ = {isa = PBXFileReference; lastKnownFileType = text; path = type_mat2x4.inl; sourceTree = "<group>"; };
		B53A914E22A2463300C2A1F8 /* type_mat4x2.inl */ = {isa = PBXFileReference; lastKnownFileType = text; path = type_mat4x2.inl; sourceTree = "<group>"; };
		B53A914F22A2463300C2A1F8 /* _swizzle.hpp */ = {isa = PBXFileReference; lastKnownFileType = sourcecode.cpp.h; path = _swizzle.hpp; sourceTree = "<group>"; };
		B53A915022A2463300C2A1F8 /* type_mat4x3.inl */ = {isa = PBXFileReference; lastKnownFileType = text; path = type_mat4x3.inl; sourceTree = "<group>"; };
		B53A915122A2463300C2A1F8 /* func_packing_simd.inl */ = {isa = PBXFileReference; lastKnownFileType = text; path = func_packing_simd.inl; sourceTree = "<group>"; };
		B53A915222A2463300C2A1F8 /* type_vec4.inl */ = {isa = PBXFileReference; lastKnownFileType = text; path = type_vec4.inl; sourceTree = "<group>"; };
		B53A915322A2463300C2A1F8 /* func_trigonometric_simd.inl */ = {isa = PBXFileReference; lastKnownFileType = text; path = func_trigonometric_simd.inl; sourceTree = "<group>"; };
		B53A915422A2463300C2A1F8 /* precision.hpp */ = {isa = PBXFileReference; lastKnownFileType = sourcecode.cpp.h; path = precision.hpp; sourceTree = "<group>"; };
		B53A915522A2463300C2A1F8 /* type_mat3x3.hpp */ = {isa = PBXFileReference; lastKnownFileType = sourcecode.cpp.h; path = type_mat3x3.hpp; sourceTree = "<group>"; };
		B53A915622A2463300C2A1F8 /* type_mat3x2.hpp */ = {isa = PBXFileReference; lastKnownFileType = sourcecode.cpp.h; path = type_mat3x2.hpp; sourceTree = "<group>"; };
		B53A915722A2463300C2A1F8 /* dummy.cpp */ = {isa = PBXFileReference; lastKnownFileType = sourcecode.cpp.cpp; path = dummy.cpp; sourceTree = "<group>"; };
		B53A915822A2463300C2A1F8 /* type_mat.hpp */ = {isa = PBXFileReference; lastKnownFileType = sourcecode.cpp.h; path = type_mat.hpp; sourceTree = "<group>"; };
		B53A915922A2463300C2A1F8 /* setup.hpp */ = {isa = PBXFileReference; lastKnownFileType = sourcecode.cpp.h; path = setup.hpp; sourceTree = "<group>"; };
		B53A915A22A2463300C2A1F8 /* type_mat2x2.inl */ = {isa = PBXFileReference; lastKnownFileType = text; path = type_mat2x2.inl; sourceTree = "<group>"; };
		B53A915B22A2463300C2A1F8 /* type_vec1.inl */ = {isa = PBXFileReference; lastKnownFileType = text; path = type_vec1.inl; sourceTree = "<group>"; };
		B53A915C22A2463300C2A1F8 /* func_common_simd.inl */ = {isa = PBXFileReference; lastKnownFileType = text; path = func_common_simd.inl; sourceTree = "<group>"; };
		B53A915D22A2463300C2A1F8 /* func_matrix.hpp */ = {isa = PBXFileReference; lastKnownFileType = sourcecode.cpp.h; path = func_matrix.hpp; sourceTree = "<group>"; };
		B53A915E22A2463300C2A1F8 /* type_mat4x4.inl */ = {isa = PBXFileReference; lastKnownFileType = text; path = type_mat4x4.inl; sourceTree = "<group>"; };
		B53A915F22A2463300C2A1F8 /* func_geometric_simd.inl */ = {isa = PBXFileReference; lastKnownFileType = text; path = func_geometric_simd.inl; sourceTree = "<group>"; };
		B53A916022A2463300C2A1F8 /* type_mat2x3.inl */ = {isa = PBXFileReference; lastKnownFileType = text; path = type_mat2x3.inl; sourceTree = "<group>"; };
		B53A916122A2463300C2A1F8 /* type_vec2.inl */ = {isa = PBXFileReference; lastKnownFileType = text; path = type_vec2.inl; sourceTree = "<group>"; };
		B53A916222A2463300C2A1F8 /* glm.cpp */ = {isa = PBXFileReference; lastKnownFileType = sourcecode.cpp.cpp; path = glm.cpp; sourceTree = "<group>"; };
		B53A916322A2463300C2A1F8 /* type_gentype.inl */ = {isa = PBXFileReference; lastKnownFileType = text; path = type_gentype.inl; sourceTree = "<group>"; };
		B53A916422A2463300C2A1F8 /* type_mat3x4.hpp */ = {isa = PBXFileReference; lastKnownFileType = sourcecode.cpp.h; path = type_mat3x4.hpp; sourceTree = "<group>"; };
		B53A916522A2463300C2A1F8 /* type_vec3.inl */ = {isa = PBXFileReference; lastKnownFileType = text; path = type_vec3.inl; sourceTree = "<group>"; };
		B53A916622A2463300C2A1F8 /* type_mat4x4_simd.inl */ = {isa = PBXFileReference; lastKnownFileType = text; path = type_mat4x4_simd.inl; sourceTree = "<group>"; };
		B53A916722A2463300C2A1F8 /* type_mat2x3.hpp */ = {isa = PBXFileReference; lastKnownFileType = sourcecode.cpp.h; path = type_mat2x3.hpp; sourceTree = "<group>"; };
		B53A916822A2463300C2A1F8 /* type_mat4x4.hpp */ = {isa = PBXFileReference; lastKnownFileType = sourcecode.cpp.h; path = type_mat4x4.hpp; sourceTree = "<group>"; };
		B53A916922A2463300C2A1F8 /* func_matrix.inl */ = {isa = PBXFileReference; lastKnownFileType = text; path = func_matrix.inl; sourceTree = "<group>"; };
		B53A916A22A2463300C2A1F8 /* type_mat2x2.hpp */ = {isa = PBXFileReference; lastKnownFileType = sourcecode.cpp.h; path = type_mat2x2.hpp; sourceTree = "<group>"; };
		B53A916B22A2463300C2A1F8 /* type_vec1.hpp */ = {isa = PBXFileReference; lastKnownFileType = sourcecode.cpp.h; path = type_vec1.hpp; sourceTree = "<group>"; };
		B53A916C22A2463300C2A1F8 /* _swizzle_func.hpp */ = {isa = PBXFileReference; lastKnownFileType = sourcecode.cpp.h; path = _swizzle_func.hpp; sourceTree = "<group>"; };
		B53A916D22A2463300C2A1F8 /* type_vec3.hpp */ = {isa = PBXFileReference; lastKnownFileType = sourcecode.cpp.h; path = type_vec3.hpp; sourceTree = "<group>"; };
		B53A916E22A2463300C2A1F8 /* type_vec4_simd.inl */ = {isa = PBXFileReference; lastKnownFileType = text; path = type_vec4_simd.inl; sourceTree = "<group>"; };
		B53A916F22A2463300C2A1F8 /* type_mat3x4.inl */ = {isa = PBXFileReference; lastKnownFileType = text; path = type_mat3x4.inl; sourceTree = "<group>"; };
		B53A917022A2463300C2A1F8 /* func_exponential_simd.inl */ = {isa = PBXFileReference; lastKnownFileType = text; path = func_exponential_simd.inl; sourceTree = "<group>"; };
		B53A917122A2463300C2A1F8 /* type_gentype.hpp */ = {isa = PBXFileReference; lastKnownFileType = sourcecode.cpp.h; path = type_gentype.hpp; sourceTree = "<group>"; };
		B53A917222A2463300C2A1F8 /* type_vec2.hpp */ = {isa = PBXFileReference; lastKnownFileType = sourcecode.cpp.h; path = type_vec2.hpp; sourceTree = "<group>"; };
		B53A917322A2463300C2A1F8 /* type_mat4x3.hpp */ = {isa = PBXFileReference; lastKnownFileType = sourcecode.cpp.h; path = type_mat4x3.hpp; sourceTree = "<group>"; };
		B53A917422A2463300C2A1F8 /* type_mat4x2.hpp */ = {isa = PBXFileReference; lastKnownFileType = sourcecode.cpp.h; path = type_mat4x2.hpp; sourceTree = "<group>"; };
		B53A917522A2463300C2A1F8 /* type_float.hpp */ = {isa = PBXFileReference; lastKnownFileType = sourcecode.cpp.h; path = type_float.hpp; sourceTree = "<group>"; };
		B53A917622A2463300C2A1F8 /* type_mat2x4.hpp */ = {isa = PBXFileReference; lastKnownFileType = sourcecode.cpp.h; path = type_mat2x4.hpp; sourceTree = "<group>"; };
		B53A917722A2463300C2A1F8 /* type_mat.inl */ = {isa = PBXFileReference; lastKnownFileType = text; path = type_mat.inl; sourceTree = "<group>"; };
		B53A917822A2463300C2A1F8 /* type_mat3x2.inl */ = {isa = PBXFileReference; lastKnownFileType = text; path = type_mat3x2.inl; sourceTree = "<group>"; };
		B53A917922A2463300C2A1F8 /* type_mat3x3.inl */ = {isa = PBXFileReference; lastKnownFileType = text; path = type_mat3x3.inl; sourceTree = "<group>"; };
		B53A917A22A2463300C2A1F8 /* type_vec4.hpp */ = {isa = PBXFileReference; lastKnownFileType = sourcecode.cpp.h; path = type_vec4.hpp; sourceTree = "<group>"; };
		B53A917B22A2463300C2A1F8 /* ext.hpp */ = {isa = PBXFileReference; lastKnownFileType = sourcecode.cpp.h; path = ext.hpp; sourceTree = "<group>"; };
		B53A917D22A2463300C2A1F8 /* integer.hpp */ = {isa = PBXFileReference; lastKnownFileType = sourcecode.cpp.h; path = integer.hpp; sourceTree = "<group>"; };
		B53A917E22A2463300C2A1F8 /* matrix_integer.hpp */ = {isa = PBXFileReference; lastKnownFileType = sourcecode.cpp.h; path = matrix_integer.hpp; sourceTree = "<group>"; };
		B53A917F22A2463300C2A1F8 /* functions.hpp */ = {isa = PBXFileReference; lastKnownFileType = sourcecode.cpp.h; path = functions.hpp; sourceTree = "<group>"; };
		B53A918022A2463300C2A1F8 /* matrix_inverse.inl */ = {isa = PBXFileReference; lastKnownFileType = text; path = matrix_inverse.inl; sourceTree = "<group>"; };
		B53A918122A2463300C2A1F8 /* quaternion.inl */ = {isa = PBXFileReference; lastKnownFileType = text; path = quaternion.inl; sourceTree = "<group>"; };
		B53A918222A2463300C2A1F8 /* packing.inl */ = {isa = PBXFileReference; lastKnownFileType = text; path = packing.inl; sourceTree = "<group>"; };
		B53A918322A2463300C2A1F8 /* matrix_transform.inl */ = {isa = PBXFileReference; lastKnownFileType = text; path = matrix_transform.inl; sourceTree = "<group>"; };
		B53A918422A2463300C2A1F8 /* vec1.hpp */ = {isa = PBXFileReference; lastKnownFileType = sourcecode.cpp.h; path = vec1.hpp; sourceTree = "<group>"; };
		B53A918522A2463300C2A1F8 /* type_precision.inl */ = {isa = PBXFileReference; lastKnownFileType = text; path = type_precision.inl; sourceTree = "<group>"; };
		B53A918622A2463300C2A1F8 /* bitfield.inl */ = {isa = PBXFileReference; lastKnownFileType = text; path = bitfield.inl; sourceTree = "<group>"; };
		B53A918722A2463300C2A1F8 /* ulp.hpp */ = {isa = PBXFileReference; lastKnownFileType = sourcecode.cpp.h; path = ulp.hpp; sourceTree = "<group>"; };
		B53A918822A2463300C2A1F8 /* round.inl */ = {isa = PBXFileReference; lastKnownFileType = text; path = round.inl; sourceTree = "<group>"; };
		B53A918922A2463300C2A1F8 /* packing.hpp */ = {isa = PBXFileReference; lastKnownFileType = sourcecode.cpp.h; path = packing.hpp; sourceTree = "<group>"; };
		B53A918A22A2463300C2A1F8 /* quaternion_simd.inl */ = {isa = PBXFileReference; lastKnownFileType = text; path = quaternion_simd.inl; sourceTree = "<group>"; };
		B53A918B22A2463300C2A1F8 /* ulp.inl */ = {isa = PBXFileReference; lastKnownFileType = text; path = ulp.inl; sourceTree = "<group>"; };
		B53A918C22A2463300C2A1F8 /* round.hpp */ = {isa = PBXFileReference; lastKnownFileType = sourcecode.cpp.h; path = round.hpp; sourceTree = "<group>"; };
		B53A918D22A2463300C2A1F8 /* matrix_transform.hpp */ = {isa = PBXFileReference; lastKnownFileType = sourcecode.cpp.h; path = matrix_transform.hpp; sourceTree = "<group>"; };
		B53A918E22A2463300C2A1F8 /* type_precision.hpp */ = {isa = PBXFileReference; lastKnownFileType = sourcecode.cpp.h; path = type_precision.hpp; sourceTree = "<group>"; };
		B53A918F22A2463300C2A1F8 /* bitfield.hpp */ = {isa = PBXFileReference; lastKnownFileType = sourcecode.cpp.h; path = bitfield.hpp; sourceTree = "<group>"; };
		B53A919022A2463300C2A1F8 /* vec1.inl */ = {isa = PBXFileReference; lastKnownFileType = text; path = vec1.inl; sourceTree = "<group>"; };
		B53A919122A2463300C2A1F8 /* integer.inl */ = {isa = PBXFileReference; lastKnownFileType = text; path = integer.inl; sourceTree = "<group>"; };
		B53A919222A2463300C2A1F8 /* quaternion.hpp */ = {isa = PBXFileReference; lastKnownFileType = sourcecode.cpp.h; path = quaternion.hpp; sourceTree = "<group>"; };
		B53A919322A2463300C2A1F8 /* functions.inl */ = {isa = PBXFileReference; lastKnownFileType = text; path = functions.inl; sourceTree = "<group>"; };
		B53A919422A2463300C2A1F8 /* matrix_inverse.hpp */ = {isa = PBXFileReference; lastKnownFileType = sourcecode.cpp.h; path = matrix_inverse.hpp; sourceTree = "<group>"; };
		B53A919522A2463300C2A1F8 /* epsilon.inl */ = {isa = PBXFileReference; lastKnownFileType = text; path = epsilon.inl; sourceTree = "<group>"; };
		B53A919622A2463300C2A1F8 /* random.hpp */ = {isa = PBXFileReference; lastKnownFileType = sourcecode.cpp.h; path = random.hpp; sourceTree = "<group>"; };
		B53A919722A2463300C2A1F8 /* matrix_access.inl */ = {isa = PBXFileReference; lastKnownFileType = text; path = matrix_access.inl; sourceTree = "<group>"; };
		B53A919822A2463300C2A1F8 /* type_ptr.hpp */ = {isa = PBXFileReference; lastKnownFileType = sourcecode.cpp.h; path = type_ptr.hpp; sourceTree = "<group>"; };
		B53A919922A2463300C2A1F8 /* reciprocal.inl */ = {isa = PBXFileReference; lastKnownFileType = text; path = reciprocal.inl; sourceTree = "<group>"; };
		B53A919A22A2463300C2A1F8 /* constants.hpp */ = {isa = PBXFileReference; lastKnownFileType = sourcecode.cpp.h; path = constants.hpp; sourceTree = "<group>"; };
		B53A919B22A2463300C2A1F8 /* color_encoding.inl */ = {isa = PBXFileReference; lastKnownFileType = text; path = color_encoding.inl; sourceTree = "<group>"; };
		B53A919C22A2463300C2A1F8 /* color_space.hpp */ = {isa = PBXFileReference; lastKnownFileType = sourcecode.cpp.h; path = color_space.hpp; sourceTree = "<group>"; };
		B53A919D22A2463300C2A1F8 /* noise.hpp */ = {isa = PBXFileReference; lastKnownFileType = sourcecode.cpp.h; path = noise.hpp; sourceTree = "<group>"; };
		B53A919E22A2463300C2A1F8 /* color_space.inl */ = {isa = PBXFileReference; lastKnownFileType = text; path = color_space.inl; sourceTree = "<group>"; };
		B53A919F22A2463300C2A1F8 /* noise.inl */ = {isa = PBXFileReference; lastKnownFileType = text; path = noise.inl; sourceTree = "<group>"; };
		B53A91A022A2463300C2A1F8 /* matrix_access.hpp */ = {isa = PBXFileReference; lastKnownFileType = sourcecode.cpp.h; path = matrix_access.hpp; sourceTree = "<group>"; };
		B53A91A122A2463300C2A1F8 /* random.inl */ = {isa = PBXFileReference; lastKnownFileType = text; path = random.inl; sourceTree = "<group>"; };
		B53A91A222A2463300C2A1F8 /* epsilon.hpp */ = {isa = PBXFileReference; lastKnownFileType = sourcecode.cpp.h; path = epsilon.hpp; sourceTree = "<group>"; };
		B53A91A322A2463300C2A1F8 /* constants.inl */ = {isa = PBXFileReference; lastKnownFileType = text; path = constants.inl; sourceTree = "<group>"; };
		B53A91A422A2463300C2A1F8 /* reciprocal.hpp */ = {isa = PBXFileReference; lastKnownFileType = sourcecode.cpp.h; path = reciprocal.hpp; sourceTree = "<group>"; };
		B53A91A522A2463300C2A1F8 /* type_ptr.inl */ = {isa = PBXFileReference; lastKnownFileType = text; path = type_ptr.inl; sourceTree = "<group>"; };
		B53A91A622A2463300C2A1F8 /* type_aligned.hpp */ = {isa = PBXFileReference; lastKnownFileType = sourcecode.cpp.h; path = type_aligned.hpp; sourceTree = "<group>"; };
		B53A91A722A2463300C2A1F8 /* common.hpp */ = {isa = PBXFileReference; lastKnownFileType = sourcecode.cpp.h; path = common.hpp; sourceTree = "<group>"; };
		B53A91A922A2463300C2A1F8 /* vector_angle.hpp */ = {isa = PBXFileReference; lastKnownFileType = sourcecode.cpp.h; path = vector_angle.hpp; sourceTree = "<group>"; };
		B53A91AA22A2463300C2A1F8 /* log_base.inl */ = {isa = PBXFileReference; lastKnownFileType = text; path = log_base.inl; sourceTree = "<group>"; };
		B53A91AB22A2463300C2A1F8 /* matrix_query.inl */ = {isa = PBXFileReference; lastKnownFileType = text; path = matrix_query.inl; sourceTree = "<group>"; };
		B53A91AC22A2463300C2A1F8 /* extend.inl */ = {isa = PBXFileReference; lastKnownFileType = text; path = extend.inl; sourceTree = "<group>"; };
		B53A91AD22A2463300C2A1F8 /* integer.hpp */ = {isa = PBXFileReference; lastKnownFileType = sourcecode.cpp.h; path = integer.hpp; sourceTree = "<group>"; };
		B53A91AE22A2463300C2A1F8 /* associated_min_max.inl */ = {isa = PBXFileReference; lastKnownFileType = text; path = associated_min_max.inl; sourceTree = "<group>"; };
		B53A91AF22A2463300C2A1F8 /* matrix_transform_2d.inl */ = {isa = PBXFileReference; lastKnownFileType = text; path = matrix_transform_2d.inl; sourceTree = "<group>"; };
		B53A91B022A2463300C2A1F8 /* hash.hpp */ = {isa = PBXFileReference; lastKnownFileType = sourcecode.cpp.h; path = hash.hpp; sourceTree = "<group>"; };
		B53A91B122A2463300C2A1F8 /* rotate_vector.hpp */ = {isa = PBXFileReference; lastKnownFileType = sourcecode.cpp.h; path = rotate_vector.hpp; sourceTree = "<group>"; };
		B53A91B222A2463300C2A1F8 /* matrix_interpolation.hpp */ = {isa = PBXFileReference; lastKnownFileType = sourcecode.cpp.h; path = matrix_interpolation.hpp; sourceTree = "<group>"; };
		B53A91B322A2463300C2A1F8 /* quaternion.inl */ = {isa = PBXFileReference; lastKnownFileType = text; path = quaternion.inl; sourceTree = "<group>"; };
		B53A91B422A2463300C2A1F8 /* gradient_paint.inl */ = {isa = PBXFileReference; lastKnownFileType = text; path = gradient_paint.inl; sourceTree = "<group>"; };
		B53A91B522A2463300C2A1F8 /* string_cast.hpp */ = {isa = PBXFileReference; lastKnownFileType = sourcecode.cpp.h; path = string_cast.hpp; sourceTree = "<group>"; };
		B53A91B622A2463300C2A1F8 /* color_space_YCoCg.hpp */ = {isa = PBXFileReference; lastKnownFileType = sourcecode.cpp.h; path = color_space_YCoCg.hpp; sourceTree = "<group>"; };
		B53A91B722A2463300C2A1F8 /* type_trait.inl */ = {isa = PBXFileReference; lastKnownFileType = text; path = type_trait.inl; sourceTree = "<group>"; };
		B53A91B822A2463300C2A1F8 /* extended_min_max.hpp */ = {isa = PBXFileReference; lastKnownFileType = sourcecode.cpp.h; path = extended_min_max.hpp; sourceTree = "<group>"; };
		B53A91B922A2463300C2A1F8 /* euler_angles.inl */ = {isa = PBXFileReference; lastKnownFileType = text; path = euler_angles.inl; sourceTree = "<group>"; };
		B53A91BA22A2463300C2A1F8 /* fast_square_root.hpp */ = {isa = PBXFileReference; lastKnownFileType = sourcecode.cpp.h; path = fast_square_root.hpp; sourceTree = "<group>"; };
		B53A91BB22A2463300C2A1F8 /* raw_data.inl */ = {isa = PBXFileReference; lastKnownFileType = text; path = raw_data.inl; sourceTree = "<group>"; };
		B53A91BC22A2463300C2A1F8 /* matrix_cross_product.inl */ = {isa = PBXFileReference; lastKnownFileType = text; path = matrix_cross_product.inl; sourceTree = "<group>"; };
		B53A91BD22A2463300C2A1F8 /* spline.hpp */ = {isa = PBXFileReference; lastKnownFileType = sourcecode.cpp.h; path = spline.hpp; sourceTree = "<group>"; };
		B53A91BE22A2463300C2A1F8 /* fast_trigonometry.hpp */ = {isa = PBXFileReference; lastKnownFileType = sourcecode.cpp.h; path = fast_trigonometry.hpp; sourceTree = "<group>"; };
		B53A91BF22A2463300C2A1F8 /* optimum_pow.inl */ = {isa = PBXFileReference; lastKnownFileType = text; path = optimum_pow.inl; sourceTree = "<group>"; };
		B53A91C022A2463300C2A1F8 /* dual_quaternion.hpp */ = {isa = PBXFileReference; lastKnownFileType = sourcecode.cpp.h; path = dual_quaternion.hpp; sourceTree = "<group>"; };
		B53A91C122A2463300C2A1F8 /* closest_point.hpp */ = {isa = PBXFileReference; lastKnownFileType = sourcecode.cpp.h; path = closest_point.hpp; sourceTree = "<group>"; };
		B53A91C222A2463300C2A1F8 /* number_precision.inl */ = {isa = PBXFileReference; lastKnownFileType = text; path = number_precision.inl; sourceTree = "<group>"; };
		B53A91C322A2463300C2A1F8 /* mixed_product.inl */ = {isa = PBXFileReference; lastKnownFileType = text; path = mixed_product.inl; sourceTree = "<group>"; };
		B53A91C422A2463300C2A1F8 /* transform.inl */ = {isa = PBXFileReference; lastKnownFileType = text; path = transform.inl; sourceTree = "<group>"; };
		B53A91C522A2463300C2A1F8 /* bit.inl */ = {isa = PBXFileReference; lastKnownFileType = text; path = bit.inl; sourceTree = "<group>"; };
		B53A91C622A2463300C2A1F8 /* io.inl */ = {isa = PBXFileReference; lastKnownFileType = text; path = io.inl; sourceTree = "<group>"; };
		B53A91C722A2463300C2A1F8 /* fast_trigonometry.inl */ = {isa = PBXFileReference; lastKnownFileType = text; path = fast_trigonometry.inl; sourceTree = "<group>"; };
		B53A91C822A2463300C2A1F8 /* optimum_pow.hpp */ = {isa = PBXFileReference; lastKnownFileType = sourcecode.cpp.h; path = optimum_pow.hpp; sourceTree = "<group>"; };
		B53A91C922A2463300C2A1F8 /* spline.inl */ = {isa = PBXFileReference; lastKnownFileType = text; path = spline.inl; sourceTree = "<group>"; };
		B53A91CA22A2463300C2A1F8 /* raw_data.hpp */ = {isa = PBXFileReference; lastKnownFileType = sourcecode.cpp.h; path = raw_data.hpp; sourceTree = "<group>"; };
		B53A91CB22A2463300C2A1F8 /* matrix_cross_product.hpp */ = {isa = PBXFileReference; lastKnownFileType = sourcecode.cpp.h; path = matrix_cross_product.hpp; sourceTree = "<group>"; };
		B53A91CC22A2463300C2A1F8 /* euler_angles.hpp */ = {isa = PBXFileReference; lastKnownFileType = sourcecode.cpp.h; path = euler_angles.hpp; sourceTree = "<group>"; };
		B53A91CD22A2463300C2A1F8 /* fast_square_root.inl */ = {isa = PBXFileReference; lastKnownFileType = text; path = fast_square_root.inl; sourceTree = "<group>"; };
		B53A91CE22A2463300C2A1F8 /* color_space_YCoCg.inl */ = {isa = PBXFileReference; lastKnownFileType = text; path = color_space_YCoCg.inl; sourceTree = "<group>"; };
		B53A91CF22A2463300C2A1F8 /* type_trait.hpp */ = {isa = PBXFileReference; lastKnownFileType = sourcecode.cpp.h; path = type_trait.hpp; sourceTree = "<group>"; };
		B53A91D022A2463300C2A1F8 /* extended_min_max.inl */ = {isa = PBXFileReference; lastKnownFileType = text; path = extended_min_max.inl; sourceTree = "<group>"; };
		B53A91D122A2463300C2A1F8 /* io.hpp */ = {isa = PBXFileReference; lastKnownFileType = sourcecode.cpp.h; path = io.hpp; sourceTree = "<group>"; };
		B53A91D222A2463300C2A1F8 /* float_notmalize.inl */ = {isa = PBXFileReference; lastKnownFileType = text; path = float_notmalize.inl; sourceTree = "<group>"; };
		B53A91D322A2463300C2A1F8 /* transform.hpp */ = {isa = PBXFileReference; lastKnownFileType = sourcecode.cpp.h; path = transform.hpp; sourceTree = "<group>"; };
		B53A91D422A2463300C2A1F8 /* bit.hpp */ = {isa = PBXFileReference; lastKnownFileType = sourcecode.cpp.h; path = bit.hpp; sourceTree = "<group>"; };
		B53A91D522A2463300C2A1F8 /* number_precision.hpp */ = {isa = PBXFileReference; lastKnownFileType = sourcecode.cpp.h; path = number_precision.hpp; sourceTree = "<group>"; };
		B53A91D622A2463300C2A1F8 /* mixed_product.hpp */ = {isa = PBXFileReference; lastKnownFileType = sourcecode.cpp.h; path = mixed_product.hpp; sourceTree = "<group>"; };
		B53A91D722A2463300C2A1F8 /* closest_point.inl */ = {isa = PBXFileReference; lastKnownFileType = text; path = closest_point.inl; sourceTree = "<group>"; };
		B53A91D822A2463300C2A1F8 /* dual_quaternion.inl */ = {isa = PBXFileReference; lastKnownFileType = text; path = dual_quaternion.inl; sourceTree = "<group>"; };
		B53A91D922A2463300C2A1F8 /* associated_min_max.hpp */ = {isa = PBXFileReference; lastKnownFileType = sourcecode.cpp.h; path = associated_min_max.hpp; sourceTree = "<group>"; };
		B53A91DA22A2463300C2A1F8 /* matrix_transform_2d.hpp */ = {isa = PBXFileReference; lastKnownFileType = sourcecode.cpp.h; path = matrix_transform_2d.hpp; sourceTree = "<group>"; };
		B53A91DB22A2463300C2A1F8 /* integer.inl */ = {isa = PBXFileReference; lastKnownFileType = text; path = integer.inl; sourceTree = "<group>"; };
		B53A91DC22A2463300C2A1F8 /* log_base.hpp */ = {isa = PBXFileReference; lastKnownFileType = sourcecode.cpp.h; path = log_base.hpp; sourceTree = "<group>"; };
		B53A91DD22A2463300C2A1F8 /* matrix_query.hpp */ = {isa = PBXFileReference; lastKnownFileType = sourcecode.cpp.h; path = matrix_query.hpp; sourceTree = "<group>"; };
		B53A91DE22A2463300C2A1F8 /* vector_angle.inl */ = {isa = PBXFileReference; lastKnownFileType = text; path = vector_angle.inl; sourceTree = "<group>"; };
		B53A91DF22A2463300C2A1F8 /* extend.hpp */ = {isa = PBXFileReference; lastKnownFileType = sourcecode.cpp.h; path = extend.hpp; sourceTree = "<group>"; };
		B53A91E022A2463300C2A1F8 /* gradient_paint.hpp */ = {isa = PBXFileReference; lastKnownFileType = sourcecode.cpp.h; path = gradient_paint.hpp; sourceTree = "<group>"; };
		B53A91E122A2463300C2A1F8 /* quaternion.hpp */ = {isa = PBXFileReference; lastKnownFileType = sourcecode.cpp.h; path = quaternion.hpp; sourceTree = "<group>"; };
		B53A91E222A2463300C2A1F8 /* string_cast.inl */ = {isa = PBXFileReference; lastKnownFileType = text; path = string_cast.inl; sourceTree = "<group>"; };
		B53A91E322A2463300C2A1F8 /* rotate_vector.inl */ = {isa = PBXFileReference; lastKnownFileType = text; path = rotate_vector.inl; sourceTree = "<group>"; };
		B53A91E422A2463300C2A1F8 /* matrix_interpolation.inl */ = {isa = PBXFileReference; lastKnownFileType = text; path = matrix_interpolation.inl; sourceTree = "<group>"; };
		B53A91E522A2463300C2A1F8 /* hash.inl */ = {isa = PBXFileReference; lastKnownFileType = text; path = hash.inl; sourceTree = "<group>"; };
		B53A91E622A2463300C2A1F8 /* vector_query.inl */ = {isa = PBXFileReference; lastKnownFileType = text; path = vector_query.inl; sourceTree = "<group>"; };
		B53A91E722A2463300C2A1F8 /* polar_coordinates.hpp */ = {isa = PBXFileReference; lastKnownFileType = sourcecode.cpp.h; path = polar_coordinates.hpp; sourceTree = "<group>"; };
		B53A91E822A2463300C2A1F8 /* orthonormalize.inl */ = {isa = PBXFileReference; lastKnownFileType = text; path = orthonormalize.inl; sourceTree = "<group>"; };
		B53A91E922A2463300C2A1F8 /* component_wise.inl */ = {isa = PBXFileReference; lastKnownFileType = text; path = component_wise.inl; sourceTree = "<group>"; };
		B53A91EA22A2463300C2A1F8 /* normalize_dot.inl */ = {isa = PBXFileReference; lastKnownFileType = text; path = normalize_dot.inl; sourceTree = "<group>"; };
		B53A91EB22A2463300C2A1F8 /* std_based_type.inl */ = {isa = PBXFileReference; lastKnownFileType = text; path = std_based_type.inl; sourceTree = "<group>"; };
		B53A91EC22A2463300C2A1F8 /* type_aligned.inl */ = {isa = PBXFileReference; lastKnownFileType = text; path = type_aligned.inl; sourceTree = "<group>"; };
		B53A91ED22A2463300C2A1F8 /* projection.hpp */ = {isa = PBXFileReference; lastKnownFileType = sourcecode.cpp.h; path = projection.hpp; sourceTree = "<group>"; };
		B53A91EE22A2463300C2A1F8 /* compatibility.inl */ = {isa = PBXFileReference; lastKnownFileType = text; path = compatibility.inl; sourceTree = "<group>"; };
		B53A91EF22A2463300C2A1F8 /* scalar_relational.hpp */ = {isa = PBXFileReference; lastKnownFileType = sourcecode.cpp.h; path = scalar_relational.hpp; sourceTree = "<group>"; };
		B53A91F022A2463300C2A1F8 /* wrap.hpp */ = {isa = PBXFileReference; lastKnownFileType = sourcecode.cpp.h; path = wrap.hpp; sourceTree = "<group>"; };
		B53A91F122A2463300C2A1F8 /* rotate_normalized_axis.inl */ = {isa = PBXFileReference; lastKnownFileType = text; path = rotate_normalized_axis.inl; sourceTree = "<group>"; };
		B53A91F222A2463300C2A1F8 /* norm.hpp */ = {isa = PBXFileReference; lastKnownFileType = sourcecode.cpp.h; path = norm.hpp; sourceTree = "<group>"; };
		B53A91F322A2463300C2A1F8 /* matrix_major_storage.inl */ = {isa = PBXFileReference; lastKnownFileType = text; path = matrix_major_storage.inl; sourceTree = "<group>"; };
		B53A91F422A2463300C2A1F8 /* matrix_operation.inl */ = {isa = PBXFileReference; lastKnownFileType = text; path = matrix_operation.inl; sourceTree = "<group>"; };
		B53A91F522A2463300C2A1F8 /* color_space.hpp */ = {isa = PBXFileReference; lastKnownFileType = sourcecode.cpp.h; path = color_space.hpp; sourceTree = "<group>"; };
		B53A91F622A2463300C2A1F8 /* normal.hpp */ = {isa = PBXFileReference; lastKnownFileType = sourcecode.cpp.h; path = normal.hpp; sourceTree = "<group>"; };
		B53A91F722A2463300C2A1F8 /* intersect.inl */ = {isa = PBXFileReference; lastKnownFileType = text; path = intersect.inl; sourceTree = "<group>"; };
		B53A91F822A2463300C2A1F8 /* perpendicular.inl */ = {isa = PBXFileReference; lastKnownFileType = text; path = perpendicular.inl; sourceTree = "<group>"; };
		B53A91F922A2463300C2A1F8 /* transform2.inl */ = {isa = PBXFileReference; lastKnownFileType = text; path = transform2.inl; sourceTree = "<group>"; };
		B53A91FA22A2463300C2A1F8 /* matrix_decompose.hpp */ = {isa = PBXFileReference; lastKnownFileType = sourcecode.cpp.h; path = matrix_decompose.hpp; sourceTree = "<group>"; };
		B53A91FB22A2463300C2A1F8 /* fast_exponential.hpp */ = {isa = PBXFileReference; lastKnownFileType = sourcecode.cpp.h; path = fast_exponential.hpp; sourceTree = "<group>"; };
		B53A91FC22A2463300C2A1F8 /* common.inl */ = {isa = PBXFileReference; lastKnownFileType = text; path = common.inl; sourceTree = "<group>"; };
		B53A91FD22A2463300C2A1F8 /* handed_coordinate_space.hpp */ = {isa = PBXFileReference; lastKnownFileType = sourcecode.cpp.h; path = handed_coordinate_space.hpp; sourceTree = "<group>"; };
		B53A91FE22A2463300C2A1F8 /* intersect.hpp */ = {isa = PBXFileReference; lastKnownFileType = sourcecode.cpp.h; path = intersect.hpp; sourceTree = "<group>"; };
		B53A91FF22A2463300C2A1F8 /* perpendicular.hpp */ = {isa = PBXFileReference; lastKnownFileType = sourcecode.cpp.h; path = perpendicular.hpp; sourceTree = "<group>"; };
		B53A920022A2463300C2A1F8 /* matrix_operation.hpp */ = {isa = PBXFileReference; lastKnownFileType = sourcecode.cpp.h; path = matrix_operation.hpp; sourceTree = "<group>"; };
		B53A920122A2463300C2A1F8 /* color_space.inl */ = {isa = PBXFileReference; lastKnownFileType = text; path = color_space.inl; sourceTree = "<group>"; };
		B53A920222A2463300C2A1F8 /* normal.inl */ = {isa = PBXFileReference; lastKnownFileType = text; path = normal.inl; sourceTree = "<group>"; };
		B53A920322A2463300C2A1F8 /* matrix_major_storage.hpp */ = {isa = PBXFileReference; lastKnownFileType = sourcecode.cpp.h; path = matrix_major_storage.hpp; sourceTree = "<group>"; };
		B53A920422A2463300C2A1F8 /* norm.inl */ = {isa = PBXFileReference; lastKnownFileType = text; path = norm.inl; sourceTree = "<group>"; };
		B53A920522A2463300C2A1F8 /* handed_coordinate_space.inl */ = {isa = PBXFileReference; lastKnownFileType = text; path = handed_coordinate_space.inl; sourceTree = "<group>"; };
		B53A920622A2463300C2A1F8 /* common.hpp */ = {isa = PBXFileReference; lastKnownFileType = sourcecode.cpp.h; path = common.hpp; sourceTree = "<group>"; };
		B53A920722A2463300C2A1F8 /* range.hpp */ = {isa = PBXFileReference; lastKnownFileType = sourcecode.cpp.h; path = range.hpp; sourceTree = "<group>"; };
		B53A920822A2463300C2A1F8 /* fast_exponential.inl */ = {isa = PBXFileReference; lastKnownFileType = text; path = fast_exponential.inl; sourceTree = "<group>"; };
		B53A920922A2463300C2A1F8 /* transform2.hpp */ = {isa = PBXFileReference; lastKnownFileType = sourcecode.cpp.h; path = transform2.hpp; sourceTree = "<group>"; };
		B53A920A22A2463300C2A1F8 /* matrix_decompose.inl */ = {isa = PBXFileReference; lastKnownFileType = text; path = matrix_decompose.inl; sourceTree = "<group>"; };
		B53A920B22A2463300C2A1F8 /* scalar_multiplication.hpp */ = {isa = PBXFileReference; lastKnownFileType = sourcecode.cpp.h; path = scalar_multiplication.hpp; sourceTree = "<group>"; };
		B53A920C22A2463300C2A1F8 /* std_based_type.hpp */ = {isa = PBXFileReference; lastKnownFileType = sourcecode.cpp.h; path = std_based_type.hpp; sourceTree = "<group>"; };
		B53A920D22A2463300C2A1F8 /* orthonormalize.hpp */ = {isa = PBXFileReference; lastKnownFileType = sourcecode.cpp.h; path = orthonormalize.hpp; sourceTree = "<group>"; };
		B53A920E22A2463300C2A1F8 /* normalize_dot.hpp */ = {isa = PBXFileReference; lastKnownFileType = sourcecode.cpp.h; path = normalize_dot.hpp; sourceTree = "<group>"; };
		B53A920F22A2463300C2A1F8 /* component_wise.hpp */ = {isa = PBXFileReference; lastKnownFileType = sourcecode.cpp.h; path = component_wise.hpp; sourceTree = "<group>"; };
		B53A921022A2463300C2A1F8 /* polar_coordinates.inl */ = {isa = PBXFileReference; lastKnownFileType = text; path = polar_coordinates.inl; sourceTree = "<group>"; };
		B53A921122A2463300C2A1F8 /* vector_query.hpp */ = {isa = PBXFileReference; lastKnownFileType = sourcecode.cpp.h; path = vector_query.hpp; sourceTree = "<group>"; };
		B53A921222A2463300C2A1F8 /* scalar_relational.inl */ = {isa = PBXFileReference; lastKnownFileType = text; path = scalar_relational.inl; sourceTree = "<group>"; };
		B53A921322A2463300C2A1F8 /* wrap.inl */ = {isa = PBXFileReference; lastKnownFileType = text; path = wrap.inl; sourceTree = "<group>"; };
		B53A921422A2463300C2A1F8 /* compatibility.hpp */ = {isa = PBXFileReference; lastKnownFileType = sourcecode.cpp.h; path = compatibility.hpp; sourceTree = "<group>"; };
		B53A921522A2463300C2A1F8 /* rotate_normalized_axis.hpp */ = {isa = PBXFileReference; lastKnownFileType = sourcecode.cpp.h; path = rotate_normalized_axis.hpp; sourceTree = "<group>"; };
		B53A921622A2463300C2A1F8 /* projection.inl */ = {isa = PBXFileReference; lastKnownFileType = text; path = projection.inl; sourceTree = "<group>"; };
		B53A921722A2463300C2A1F8 /* type_aligned.hpp */ = {isa = PBXFileReference; lastKnownFileType = sourcecode.cpp.h; path = type_aligned.hpp; sourceTree = "<group>"; };
		B53A921A22A2463300C2A1F8 /* Extent.cpp */ = {isa = PBXFileReference; lastKnownFileType = sourcecode.cpp.cpp; path = Extent.cpp; sourceTree = "<group>"; };
		B53A921C22A2464900C2A1F8 /* Extent.hpp */ = {isa = PBXFileReference; lastKnownFileType = sourcecode.cpp.h; path = Extent.hpp; sourceTree = "<group>"; };
		B53A921D22A2464900C2A1F8 /* Ray.hpp */ = {isa = PBXFileReference; fileEncoding = 4; lastKnownFileType = sourcecode.cpp.h; path = Ray.hpp; sourceTree = "<group>"; };
		B53A922722A3EF5B00C2A1F8 /* Scene.cpp */ = {isa = PBXFileReference; fileEncoding = 4; lastKnownFileType = sourcecode.cpp.cpp; path = Scene.cpp; sourceTree = "<group>"; };
		B53A922922A3EF6A00C2A1F8 /* Scene.hpp */ = {isa = PBXFileReference; fileEncoding = 4; lastKnownFileType = sourcecode.cpp.h; path = Scene.hpp; sourceTree = "<group>"; };
		B53A922B22AA8C7000C2A1F8 /* Camera.cpp */ = {isa = PBXFileReference; fileEncoding = 4; lastKnownFileType = sourcecode.cpp.cpp; path = Camera.cpp; sourceTree = "<group>"; };
		B53A922D22AA8C7D00C2A1F8 /* Camera.hpp */ = {isa = PBXFileReference; fileEncoding = 4; lastKnownFileType = sourcecode.cpp.h; path = Camera.hpp; sourceTree = "<group>"; };
		B53A922F22ACC9ED00C2A1F8 /* Object.hpp */ = {isa = PBXFileReference; fileEncoding = 4; lastKnownFileType = sourcecode.cpp.h; path = Object.hpp; sourceTree = "<group>"; };
		B53A923122ACC9FB00C2A1F8 /* Object.cpp */ = {isa = PBXFileReference; fileEncoding = 4; lastKnownFileType = sourcecode.cpp.cpp; path = Object.cpp; sourceTree = "<group>"; };
		B53A923322ACCEE200C2A1F8 /* Sphere.hpp */ = {isa = PBXFileReference; fileEncoding = 4; lastKnownFileType = sourcecode.cpp.h; path = Sphere.hpp; sourceTree = "<group>"; };
		B53A923522ACD12500C2A1F8 /* Sphere.cpp */ = {isa = PBXFileReference; fileEncoding = 4; lastKnownFileType = sourcecode.cpp.cpp; path = Sphere.cpp; sourceTree = "<group>"; };
		B53A923722ACD22B00C2A1F8 /* Group.cpp */ = {isa = PBXFileReference; fileEncoding = 4; lastKnownFileType = sourcecode.cpp.cpp; path = Group.cpp; sourceTree = "<group>"; };
		B53A923922ACD2BF00C2A1F8 /* Group.hpp */ = {isa = PBXFileReference; fileEncoding = 4; lastKnownFileType = sourcecode.cpp.h; path = Group.hpp; sourceTree = "<group>"; };
/* End PBXFileReference section */

/* Begin PBXFrameworksBuildPhase section */
		B53A90F822A1DF4E00C2A1F8 /* Frameworks */ = {
			isa = PBXFrameworksBuildPhase;
			buildActionMask = 2147483647;
			files = (
			);
			runOnlyForDeploymentPostprocessing = 0;
		};
/* End PBXFrameworksBuildPhase section */

/* Begin PBXGroup section */
		B53A90F122A1DF4E00C2A1F8 = {
			isa = PBXGroup;
			children = (
				B53A90FB22A1DF4E00C2A1F8 /* Products */,
				B53A921B22A2464900C2A1F8 /* include */,
				B53A921822A2463300C2A1F8 /* src */,
				B53A911022A2463200C2A1F8 /* lib */,
			);
			sourceTree = "<group>";
		};
		B53A90FB22A1DF4E00C2A1F8 /* Products */ = {
			isa = PBXGroup;
			children = (
				B53A90FA22A1DF4E00C2A1F8 /* libDalRT.a */,
			);
			name = Products;
			sourceTree = "<group>";
		};
		B53A911022A2463200C2A1F8 /* lib */ = {
			isa = PBXGroup;
			children = (
				B53A911122A2463200C2A1F8 /* glm */,
			);
			path = lib;
			sourceTree = "<group>";
		};
		B53A911122A2463200C2A1F8 /* glm */ = {
			isa = PBXGroup;
			children = (
				B53A911222A2463200C2A1F8 /* vec4.hpp */,
				B53A911322A2463200C2A1F8 /* integer.hpp */,
				B53A911422A2463200C2A1F8 /* vector_relational.hpp */,
				B53A911522A2463200C2A1F8 /* mat2x3.hpp */,
				B53A911622A2463200C2A1F8 /* mat4x4.hpp */,
				B53A911722A2463200C2A1F8 /* mat2x2.hpp */,
				B53A911822A2463200C2A1F8 /* exponential.hpp */,
				B53A911922A2463200C2A1F8 /* vec2.hpp */,
				B53A911A22A2463200C2A1F8 /* CMakeLists.txt */,
				B53A911B22A2463200C2A1F8 /* vec3.hpp */,
				B53A911C22A2463200C2A1F8 /* fwd.hpp */,
				B53A911D22A2463200C2A1F8 /* mat4x3.hpp */,
				B53A911E22A2463200C2A1F8 /* mat4x2.hpp */,
				B53A911F22A2463200C2A1F8 /* mat2x4.hpp */,
				B53A912022A2463200C2A1F8 /* packing.hpp */,
				B53A912122A2463200C2A1F8 /* mat3x3.hpp */,
				B53A912222A2463200C2A1F8 /* mat3x2.hpp */,
				B53A912322A2463200C2A1F8 /* simd */,
				B53A912D22A2463200C2A1F8 /* mat3x4.hpp */,
				B53A912E22A2463200C2A1F8 /* matrix.hpp */,
				B53A912F22A2463200C2A1F8 /* glm.hpp */,
				B53A913022A2463200C2A1F8 /* trigonometric.hpp */,
				B53A913122A2463200C2A1F8 /* geometric.hpp */,
				B53A913222A2463200C2A1F8 /* detail */,
				B53A917B22A2463300C2A1F8 /* ext.hpp */,
				B53A917C22A2463300C2A1F8 /* gtc */,
				B53A91A722A2463300C2A1F8 /* common.hpp */,
				B53A91A822A2463300C2A1F8 /* gtx */,
			);
			path = glm;
			sourceTree = "<group>";
		};
		B53A912322A2463200C2A1F8 /* simd */ = {
			isa = PBXGroup;
			children = (
				B53A912422A2463200C2A1F8 /* vector_relational.h */,
				B53A912522A2463200C2A1F8 /* matrix.h */,
				B53A912622A2463200C2A1F8 /* packing.h */,
				B53A912722A2463200C2A1F8 /* common.h */,
				B53A912822A2463200C2A1F8 /* trigonometric.h */,
				B53A912922A2463200C2A1F8 /* geometric.h */,
				B53A912A22A2463200C2A1F8 /* integer.h */,
				B53A912B22A2463200C2A1F8 /* platform.h */,
				B53A912C22A2463200C2A1F8 /* exponential.h */,
			);
			path = simd;
			sourceTree = "<group>";
		};
		B53A913222A2463200C2A1F8 /* detail */ = {
			isa = PBXGroup;
			children = (
				B53A913322A2463200C2A1F8 /* type_vec.hpp */,
				B53A913422A2463200C2A1F8 /* func_geometric.hpp */,
				B53A913522A2463200C2A1F8 /* func_exponential.inl */,
				B53A913622A2463200C2A1F8 /* func_trigonometric.hpp */,
				B53A913722A2463200C2A1F8 /* func_integer_simd.inl */,
				B53A913822A2463200C2A1F8 /* func_vector_relational.inl */,
				B53A913922A2463200C2A1F8 /* func_packing.inl */,
				B53A913A22A2463200C2A1F8 /* func_common.hpp */,
				B53A913B22A2463200C2A1F8 /* _fixes.hpp */,
				B53A913C22A2463200C2A1F8 /* type_half.inl */,
				B53A913D22A2463200C2A1F8 /* func_integer.hpp */,
				B53A913E22A2463200C2A1F8 /* func_vector_relational_simd.inl */,
				B53A913F22A2463200C2A1F8 /* func_matrix_simd.inl */,
				B53A914022A2463200C2A1F8 /* type_int.hpp */,
				B53A914122A2463200C2A1F8 /* _noise.hpp */,
				B53A914222A2463200C2A1F8 /* type_half.hpp */,
				B53A914322A2463200C2A1F8 /* _features.hpp */,
				B53A914422A2463200C2A1F8 /* func_integer.inl */,
				B53A914522A2463200C2A1F8 /* _vectorize.hpp */,
				B53A914622A2463300C2A1F8 /* func_exponential.hpp */,
				B53A914722A2463300C2A1F8 /* func_geometric.inl */,
				B53A914822A2463300C2A1F8 /* type_vec.inl */,
				B53A914922A2463300C2A1F8 /* func_common.inl */,
				B53A914A22A2463300C2A1F8 /* func_packing.hpp */,
				B53A914B22A2463300C2A1F8 /* func_vector_relational.hpp */,
				B53A914C22A2463300C2A1F8 /* func_trigonometric.inl */,
				B53A914D22A2463300C2A1F8 /* type_mat2x4.inl */,
				B53A914E22A2463300C2A1F8 /* type_mat4x2.inl */,
				B53A914F22A2463300C2A1F8 /* _swizzle.hpp */,
				B53A915022A2463300C2A1F8 /* type_mat4x3.inl */,
				B53A915122A2463300C2A1F8 /* func_packing_simd.inl */,
				B53A915222A2463300C2A1F8 /* type_vec4.inl */,
				B53A915322A2463300C2A1F8 /* func_trigonometric_simd.inl */,
				B53A915422A2463300C2A1F8 /* precision.hpp */,
				B53A915522A2463300C2A1F8 /* type_mat3x3.hpp */,
				B53A915622A2463300C2A1F8 /* type_mat3x2.hpp */,
				B53A915722A2463300C2A1F8 /* dummy.cpp */,
				B53A915822A2463300C2A1F8 /* type_mat.hpp */,
				B53A915922A2463300C2A1F8 /* setup.hpp */,
				B53A915A22A2463300C2A1F8 /* type_mat2x2.inl */,
				B53A915B22A2463300C2A1F8 /* type_vec1.inl */,
				B53A915C22A2463300C2A1F8 /* func_common_simd.inl */,
				B53A915D22A2463300C2A1F8 /* func_matrix.hpp */,
				B53A915E22A2463300C2A1F8 /* type_mat4x4.inl */,
				B53A915F22A2463300C2A1F8 /* func_geometric_simd.inl */,
				B53A916022A2463300C2A1F8 /* type_mat2x3.inl */,
				B53A916122A2463300C2A1F8 /* type_vec2.inl */,
				B53A916222A2463300C2A1F8 /* glm.cpp */,
				B53A916322A2463300C2A1F8 /* type_gentype.inl */,
				B53A916422A2463300C2A1F8 /* type_mat3x4.hpp */,
				B53A916522A2463300C2A1F8 /* type_vec3.inl */,
				B53A916622A2463300C2A1F8 /* type_mat4x4_simd.inl */,
				B53A916722A2463300C2A1F8 /* type_mat2x3.hpp */,
				B53A916822A2463300C2A1F8 /* type_mat4x4.hpp */,
				B53A916922A2463300C2A1F8 /* func_matrix.inl */,
				B53A916A22A2463300C2A1F8 /* type_mat2x2.hpp */,
				B53A916B22A2463300C2A1F8 /* type_vec1.hpp */,
				B53A916C22A2463300C2A1F8 /* _swizzle_func.hpp */,
				B53A916D22A2463300C2A1F8 /* type_vec3.hpp */,
				B53A916E22A2463300C2A1F8 /* type_vec4_simd.inl */,
				B53A916F22A2463300C2A1F8 /* type_mat3x4.inl */,
				B53A917022A2463300C2A1F8 /* func_exponential_simd.inl */,
				B53A917122A2463300C2A1F8 /* type_gentype.hpp */,
				B53A917222A2463300C2A1F8 /* type_vec2.hpp */,
				B53A917322A2463300C2A1F8 /* type_mat4x3.hpp */,
				B53A917422A2463300C2A1F8 /* type_mat4x2.hpp */,
				B53A917522A2463300C2A1F8 /* type_float.hpp */,
				B53A917622A2463300C2A1F8 /* type_mat2x4.hpp */,
				B53A917722A2463300C2A1F8 /* type_mat.inl */,
				B53A917822A2463300C2A1F8 /* type_mat3x2.inl */,
				B53A917922A2463300C2A1F8 /* type_mat3x3.inl */,
				B53A917A22A2463300C2A1F8 /* type_vec4.hpp */,
			);
			path = detail;
			sourceTree = "<group>";
		};
		B53A917C22A2463300C2A1F8 /* gtc */ = {
			isa = PBXGroup;
			children = (
				B53A917D22A2463300C2A1F8 /* integer.hpp */,
				B53A917E22A2463300C2A1F8 /* matrix_integer.hpp */,
				B53A917F22A2463300C2A1F8 /* functions.hpp */,
				B53A918022A2463300C2A1F8 /* matrix_inverse.inl */,
				B53A918122A2463300C2A1F8 /* quaternion.inl */,
				B53A918222A2463300C2A1F8 /* packing.inl */,
				B53A918322A2463300C2A1F8 /* matrix_transform.inl */,
				B53A918422A2463300C2A1F8 /* vec1.hpp */,
				B53A918522A2463300C2A1F8 /* type_precision.inl */,
				B53A918622A2463300C2A1F8 /* bitfield.inl */,
				B53A918722A2463300C2A1F8 /* ulp.hpp */,
				B53A918822A2463300C2A1F8 /* round.inl */,
				B53A918922A2463300C2A1F8 /* packing.hpp */,
				B53A918A22A2463300C2A1F8 /* quaternion_simd.inl */,
				B53A918B22A2463300C2A1F8 /* ulp.inl */,
				B53A918C22A2463300C2A1F8 /* round.hpp */,
				B53A918D22A2463300C2A1F8 /* matrix_transform.hpp */,
				B53A918E22A2463300C2A1F8 /* type_precision.hpp */,
				B53A918F22A2463300C2A1F8 /* bitfield.hpp */,
				B53A919022A2463300C2A1F8 /* vec1.inl */,
				B53A919122A2463300C2A1F8 /* integer.inl */,
				B53A919222A2463300C2A1F8 /* quaternion.hpp */,
				B53A919322A2463300C2A1F8 /* functions.inl */,
				B53A919422A2463300C2A1F8 /* matrix_inverse.hpp */,
				B53A919522A2463300C2A1F8 /* epsilon.inl */,
				B53A919622A2463300C2A1F8 /* random.hpp */,
				B53A919722A2463300C2A1F8 /* matrix_access.inl */,
				B53A919822A2463300C2A1F8 /* type_ptr.hpp */,
				B53A919922A2463300C2A1F8 /* reciprocal.inl */,
				B53A919A22A2463300C2A1F8 /* constants.hpp */,
				B53A919B22A2463300C2A1F8 /* color_encoding.inl */,
				B53A919C22A2463300C2A1F8 /* color_space.hpp */,
				B53A919D22A2463300C2A1F8 /* noise.hpp */,
				B53A919E22A2463300C2A1F8 /* color_space.inl */,
				B53A919F22A2463300C2A1F8 /* noise.inl */,
				B53A91A022A2463300C2A1F8 /* matrix_access.hpp */,
				B53A91A122A2463300C2A1F8 /* random.inl */,
				B53A91A222A2463300C2A1F8 /* epsilon.hpp */,
				B53A91A322A2463300C2A1F8 /* constants.inl */,
				B53A91A422A2463300C2A1F8 /* reciprocal.hpp */,
				B53A91A522A2463300C2A1F8 /* type_ptr.inl */,
				B53A91A622A2463300C2A1F8 /* type_aligned.hpp */,
			);
			path = gtc;
			sourceTree = "<group>";
		};
		B53A91A822A2463300C2A1F8 /* gtx */ = {
			isa = PBXGroup;
			children = (
				B53A91A922A2463300C2A1F8 /* vector_angle.hpp */,
				B53A91AA22A2463300C2A1F8 /* log_base.inl */,
				B53A91AB22A2463300C2A1F8 /* matrix_query.inl */,
				B53A91AC22A2463300C2A1F8 /* extend.inl */,
				B53A91AD22A2463300C2A1F8 /* integer.hpp */,
				B53A91AE22A2463300C2A1F8 /* associated_min_max.inl */,
				B53A91AF22A2463300C2A1F8 /* matrix_transform_2d.inl */,
				B53A91B022A2463300C2A1F8 /* hash.hpp */,
				B53A91B122A2463300C2A1F8 /* rotate_vector.hpp */,
				B53A91B222A2463300C2A1F8 /* matrix_interpolation.hpp */,
				B53A91B322A2463300C2A1F8 /* quaternion.inl */,
				B53A91B422A2463300C2A1F8 /* gradient_paint.inl */,
				B53A91B522A2463300C2A1F8 /* string_cast.hpp */,
				B53A91B622A2463300C2A1F8 /* color_space_YCoCg.hpp */,
				B53A91B722A2463300C2A1F8 /* type_trait.inl */,
				B53A91B822A2463300C2A1F8 /* extended_min_max.hpp */,
				B53A91B922A2463300C2A1F8 /* euler_angles.inl */,
				B53A91BA22A2463300C2A1F8 /* fast_square_root.hpp */,
				B53A91BB22A2463300C2A1F8 /* raw_data.inl */,
				B53A91BC22A2463300C2A1F8 /* matrix_cross_product.inl */,
				B53A91BD22A2463300C2A1F8 /* spline.hpp */,
				B53A91BE22A2463300C2A1F8 /* fast_trigonometry.hpp */,
				B53A91BF22A2463300C2A1F8 /* optimum_pow.inl */,
				B53A91C022A2463300C2A1F8 /* dual_quaternion.hpp */,
				B53A91C122A2463300C2A1F8 /* closest_point.hpp */,
				B53A91C222A2463300C2A1F8 /* number_precision.inl */,
				B53A91C322A2463300C2A1F8 /* mixed_product.inl */,
				B53A91C422A2463300C2A1F8 /* transform.inl */,
				B53A91C522A2463300C2A1F8 /* bit.inl */,
				B53A91C622A2463300C2A1F8 /* io.inl */,
				B53A91C722A2463300C2A1F8 /* fast_trigonometry.inl */,
				B53A91C822A2463300C2A1F8 /* optimum_pow.hpp */,
				B53A91C922A2463300C2A1F8 /* spline.inl */,
				B53A91CA22A2463300C2A1F8 /* raw_data.hpp */,
				B53A91CB22A2463300C2A1F8 /* matrix_cross_product.hpp */,
				B53A91CC22A2463300C2A1F8 /* euler_angles.hpp */,
				B53A91CD22A2463300C2A1F8 /* fast_square_root.inl */,
				B53A91CE22A2463300C2A1F8 /* color_space_YCoCg.inl */,
				B53A91CF22A2463300C2A1F8 /* type_trait.hpp */,
				B53A91D022A2463300C2A1F8 /* extended_min_max.inl */,
				B53A91D122A2463300C2A1F8 /* io.hpp */,
				B53A91D222A2463300C2A1F8 /* float_notmalize.inl */,
				B53A91D322A2463300C2A1F8 /* transform.hpp */,
				B53A91D422A2463300C2A1F8 /* bit.hpp */,
				B53A91D522A2463300C2A1F8 /* number_precision.hpp */,
				B53A91D622A2463300C2A1F8 /* mixed_product.hpp */,
				B53A91D722A2463300C2A1F8 /* closest_point.inl */,
				B53A91D822A2463300C2A1F8 /* dual_quaternion.inl */,
				B53A91D922A2463300C2A1F8 /* associated_min_max.hpp */,
				B53A91DA22A2463300C2A1F8 /* matrix_transform_2d.hpp */,
				B53A91DB22A2463300C2A1F8 /* integer.inl */,
				B53A91DC22A2463300C2A1F8 /* log_base.hpp */,
				B53A91DD22A2463300C2A1F8 /* matrix_query.hpp */,
				B53A91DE22A2463300C2A1F8 /* vector_angle.inl */,
				B53A91DF22A2463300C2A1F8 /* extend.hpp */,
				B53A91E022A2463300C2A1F8 /* gradient_paint.hpp */,
				B53A91E122A2463300C2A1F8 /* quaternion.hpp */,
				B53A91E222A2463300C2A1F8 /* string_cast.inl */,
				B53A91E322A2463300C2A1F8 /* rotate_vector.inl */,
				B53A91E422A2463300C2A1F8 /* matrix_interpolation.inl */,
				B53A91E522A2463300C2A1F8 /* hash.inl */,
				B53A91E622A2463300C2A1F8 /* vector_query.inl */,
				B53A91E722A2463300C2A1F8 /* polar_coordinates.hpp */,
				B53A91E822A2463300C2A1F8 /* orthonormalize.inl */,
				B53A91E922A2463300C2A1F8 /* component_wise.inl */,
				B53A91EA22A2463300C2A1F8 /* normalize_dot.inl */,
				B53A91EB22A2463300C2A1F8 /* std_based_type.inl */,
				B53A91EC22A2463300C2A1F8 /* type_aligned.inl */,
				B53A91ED22A2463300C2A1F8 /* projection.hpp */,
				B53A91EE22A2463300C2A1F8 /* compatibility.inl */,
				B53A91EF22A2463300C2A1F8 /* scalar_relational.hpp */,
				B53A91F022A2463300C2A1F8 /* wrap.hpp */,
				B53A91F122A2463300C2A1F8 /* rotate_normalized_axis.inl */,
				B53A91F222A2463300C2A1F8 /* norm.hpp */,
				B53A91F322A2463300C2A1F8 /* matrix_major_storage.inl */,
				B53A91F422A2463300C2A1F8 /* matrix_operation.inl */,
				B53A91F522A2463300C2A1F8 /* color_space.hpp */,
				B53A91F622A2463300C2A1F8 /* normal.hpp */,
				B53A91F722A2463300C2A1F8 /* intersect.inl */,
				B53A91F822A2463300C2A1F8 /* perpendicular.inl */,
				B53A91F922A2463300C2A1F8 /* transform2.inl */,
				B53A91FA22A2463300C2A1F8 /* matrix_decompose.hpp */,
				B53A91FB22A2463300C2A1F8 /* fast_exponential.hpp */,
				B53A91FC22A2463300C2A1F8 /* common.inl */,
				B53A91FD22A2463300C2A1F8 /* handed_coordinate_space.hpp */,
				B53A91FE22A2463300C2A1F8 /* intersect.hpp */,
				B53A91FF22A2463300C2A1F8 /* perpendicular.hpp */,
				B53A920022A2463300C2A1F8 /* matrix_operation.hpp */,
				B53A920122A2463300C2A1F8 /* color_space.inl */,
				B53A920222A2463300C2A1F8 /* normal.inl */,
				B53A920322A2463300C2A1F8 /* matrix_major_storage.hpp */,
				B53A920422A2463300C2A1F8 /* norm.inl */,
				B53A920522A2463300C2A1F8 /* handed_coordinate_space.inl */,
				B53A920622A2463300C2A1F8 /* common.hpp */,
				B53A920722A2463300C2A1F8 /* range.hpp */,
				B53A920822A2463300C2A1F8 /* fast_exponential.inl */,
				B53A920922A2463300C2A1F8 /* transform2.hpp */,
				B53A920A22A2463300C2A1F8 /* matrix_decompose.inl */,
				B53A920B22A2463300C2A1F8 /* scalar_multiplication.hpp */,
				B53A920C22A2463300C2A1F8 /* std_based_type.hpp */,
				B53A920D22A2463300C2A1F8 /* orthonormalize.hpp */,
				B53A920E22A2463300C2A1F8 /* normalize_dot.hpp */,
				B53A920F22A2463300C2A1F8 /* component_wise.hpp */,
				B53A921022A2463300C2A1F8 /* polar_coordinates.inl */,
				B53A921122A2463300C2A1F8 /* vector_query.hpp */,
				B53A921222A2463300C2A1F8 /* scalar_relational.inl */,
				B53A921322A2463300C2A1F8 /* wrap.inl */,
				B53A921422A2463300C2A1F8 /* compatibility.hpp */,
				B53A921522A2463300C2A1F8 /* rotate_normalized_axis.hpp */,
				B53A921622A2463300C2A1F8 /* projection.inl */,
				B53A921722A2463300C2A1F8 /* type_aligned.hpp */,
			);
			path = gtx;
			sourceTree = "<group>";
		};
		B53A921822A2463300C2A1F8 /* src */ = {
			isa = PBXGroup;
			children = (
				B53A922B22AA8C7000C2A1F8 /* Camera.cpp */,
				B53A921A22A2463300C2A1F8 /* Extent.cpp */,
				B53A923722ACD22B00C2A1F8 /* Group.cpp */,
				B53A923122ACC9FB00C2A1F8 /* Object.cpp */,
				B53A922722A3EF5B00C2A1F8 /* Scene.cpp */,
				B53A923522ACD12500C2A1F8 /* Sphere.cpp */,
			);
			path = src;
			sourceTree = "<group>";
		};
		B53A921B22A2464900C2A1F8 /* include */ = {
			isa = PBXGroup;
			children = (
				B53A922D22AA8C7D00C2A1F8 /* Camera.hpp */,
				B53A921C22A2464900C2A1F8 /* Extent.hpp */,
				B53A923922ACD2BF00C2A1F8 /* Group.hpp */,
				B53A922F22ACC9ED00C2A1F8 /* Object.hpp */,
				B53A921D22A2464900C2A1F8 /* Ray.hpp */,
				B53A922922A3EF6A00C2A1F8 /* Scene.hpp */,
				B53A923322ACCEE200C2A1F8 /* Sphere.hpp */,
			);
			path = include;
			sourceTree = SOURCE_ROOT;
		};
/* End PBXGroup section */

/* Begin PBXHeadersBuildPhase section */
		B53A90F622A1DF4E00C2A1F8 /* Headers */ = {
			isa = PBXHeadersBuildPhase;
			buildActionMask = 2147483647;
			files = (
				B53A922A22A3EF6A00C2A1F8 /* Scene.hpp in Headers */,
				B53A922E22AA8C7D00C2A1F8 /* Camera.hpp in Headers */,
				B53A923A22ACD2BF00C2A1F8 /* Group.hpp in Headers */,
				B53A922022A2468700C2A1F8 /* Extent.hpp in Headers */,
				B53A923022ACC9EE00C2A1F8 /* Object.hpp in Headers */,
				B53A922122A2468700C2A1F8 /* Ray.hpp in Headers */,
				B53A923422ACCEE300C2A1F8 /* Sphere.hpp in Headers */,
			);
			runOnlyForDeploymentPostprocessing = 0;
		};
/* End PBXHeadersBuildPhase section */

/* Begin PBXNativeTarget section */
		B53A90F922A1DF4E00C2A1F8 /* DalRT */ = {
			isa = PBXNativeTarget;
			buildConfigurationList = B53A910522A1DF4E00C2A1F8 /* Build configuration list for PBXNativeTarget "DalRT" */;
			buildPhases = (
				B53A90F622A1DF4E00C2A1F8 /* Headers */,
				B53A90F722A1DF4E00C2A1F8 /* Sources */,
				B53A90F822A1DF4E00C2A1F8 /* Frameworks */,
			);
			buildRules = (
			);
			dependencies = (
			);
			name = DalRT;
			productName = DalRT;
			productReference = B53A90FA22A1DF4E00C2A1F8 /* libDalRT.a */;
			productType = "com.apple.product-type.library.static";
		};
/* End PBXNativeTarget section */

/* Begin PBXProject section */
		B53A90F222A1DF4E00C2A1F8 /* Project object */ = {
			isa = PBXProject;
			attributes = {
				LastUpgradeCheck = 1020;
				ORGANIZATIONNAME = "Dallas McNeil";
				TargetAttributes = {
					B53A90F922A1DF4E00C2A1F8 = {
						CreatedOnToolsVersion = 10.2.1;
					};
				};
			};
			buildConfigurationList = B53A90F522A1DF4E00C2A1F8 /* Build configuration list for PBXProject "DalRT" */;
			compatibilityVersion = "Xcode 9.3";
			developmentRegion = en;
			hasScannedForEncodings = 0;
			knownRegions = (
				en,
			);
			mainGroup = B53A90F122A1DF4E00C2A1F8;
			productRefGroup = B53A90FB22A1DF4E00C2A1F8 /* Products */;
			projectDirPath = "";
			projectRoot = "";
			targets = (
				B53A90F922A1DF4E00C2A1F8 /* DalRT */,
			);
		};
/* End PBXProject section */

/* Begin PBXSourcesBuildPhase section */
		B53A90F722A1DF4E00C2A1F8 /* Sources */ = {
			isa = PBXSourcesBuildPhase;
			buildActionMask = 2147483647;
			files = (
				B53A922C22AA8C7000C2A1F8 /* Camera.cpp in Sources */,
				B53A923822ACD22B00C2A1F8 /* Group.cpp in Sources */,
				B53A922822A3EF5B00C2A1F8 /* Scene.cpp in Sources */,
				B53A923222ACC9FC00C2A1F8 /* Object.cpp in Sources */,
				B53A923622ACD12500C2A1F8 /* Sphere.cpp in Sources */,
				B53A921F22A2468100C2A1F8 /* Extent.cpp in Sources */,
			);
			runOnlyForDeploymentPostprocessing = 0;
		};
/* End PBXSourcesBuildPhase section */

/* Begin XCBuildConfiguration section */
		B53A910322A1DF4E00C2A1F8 /* Debug */ = {
			isa = XCBuildConfiguration;
			buildSettings = {
				ALWAYS_SEARCH_USER_PATHS = NO;
				CLANG_ANALYZER_NONNULL = YES;
				CLANG_ANALYZER_NUMBER_OBJECT_CONVERSION = YES_AGGRESSIVE;
				CLANG_CXX_LANGUAGE_STANDARD = "gnu++14";
				CLANG_CXX_LIBRARY = "libc++";
				CLANG_ENABLE_MODULES = YES;
				CLANG_ENABLE_OBJC_ARC = YES;
				CLANG_ENABLE_OBJC_WEAK = YES;
				CLANG_WARN_BLOCK_CAPTURE_AUTORELEASING = YES;
				CLANG_WARN_BOOL_CONVERSION = YES;
				CLANG_WARN_COMMA = YES;
				CLANG_WARN_CONSTANT_CONVERSION = YES;
				CLANG_WARN_DEPRECATED_OBJC_IMPLEMENTATIONS = YES;
				CLANG_WARN_DIRECT_OBJC_ISA_USAGE = YES_ERROR;
				CLANG_WARN_DOCUMENTATION_COMMENTS = YES;
				CLANG_WARN_EMPTY_BODY = YES;
				CLANG_WARN_ENUM_CONVERSION = YES;
				CLANG_WARN_INFINITE_RECURSION = YES;
				CLANG_WARN_INT_CONVERSION = YES;
				CLANG_WARN_NON_LITERAL_NULL_CONVERSION = YES;
				CLANG_WARN_OBJC_IMPLICIT_RETAIN_SELF = YES;
				CLANG_WARN_OBJC_LITERAL_CONVERSION = YES;
				CLANG_WARN_OBJC_ROOT_CLASS = YES_ERROR;
				CLANG_WARN_RANGE_LOOP_ANALYSIS = YES;
				CLANG_WARN_STRICT_PROTOTYPES = YES;
				CLANG_WARN_SUSPICIOUS_MOVE = YES;
				CLANG_WARN_UNGUARDED_AVAILABILITY = YES_AGGRESSIVE;
				CLANG_WARN_UNREACHABLE_CODE = YES;
				CLANG_WARN__DUPLICATE_METHOD_MATCH = YES;
				CODE_SIGN_IDENTITY = "-";
				COPY_PHASE_STRIP = NO;
				DEBUG_INFORMATION_FORMAT = dwarf;
				ENABLE_STRICT_OBJC_MSGSEND = YES;
				ENABLE_TESTABILITY = YES;
				GCC_C_LANGUAGE_STANDARD = gnu11;
				GCC_DYNAMIC_NO_PIC = NO;
				GCC_NO_COMMON_BLOCKS = YES;
				GCC_OPTIMIZATION_LEVEL = 0;
				GCC_PREPROCESSOR_DEFINITIONS = (
					"DEBUG=1",
					"$(inherited)",
				);
				GCC_WARN_64_TO_32_BIT_CONVERSION = YES;
				GCC_WARN_ABOUT_RETURN_TYPE = YES_ERROR;
				GCC_WARN_UNDECLARED_SELECTOR = YES;
				GCC_WARN_UNINITIALIZED_AUTOS = YES_AGGRESSIVE;
				GCC_WARN_UNUSED_FUNCTION = YES;
				GCC_WARN_UNUSED_VARIABLE = YES;
				HEADER_SEARCH_PATHS = lib;
				MACOSX_DEPLOYMENT_TARGET = 10.14;
				MTL_ENABLE_DEBUG_INFO = INCLUDE_SOURCE;
				MTL_FAST_MATH = YES;
				ONLY_ACTIVE_ARCH = YES;
				SDKROOT = macosx;
			};
			name = Debug;
		};
		B53A910422A1DF4E00C2A1F8 /* Release */ = {
			isa = XCBuildConfiguration;
			buildSettings = {
				ALWAYS_SEARCH_USER_PATHS = NO;
				CLANG_ANALYZER_NONNULL = YES;
				CLANG_ANALYZER_NUMBER_OBJECT_CONVERSION = YES_AGGRESSIVE;
				CLANG_CXX_LANGUAGE_STANDARD = "gnu++14";
				CLANG_CXX_LIBRARY = "libc++";
				CLANG_ENABLE_MODULES = YES;
				CLANG_ENABLE_OBJC_ARC = YES;
				CLANG_ENABLE_OBJC_WEAK = YES;
				CLANG_WARN_BLOCK_CAPTURE_AUTORELEASING = YES;
				CLANG_WARN_BOOL_CONVERSION = YES;
				CLANG_WARN_COMMA = YES;
				CLANG_WARN_CONSTANT_CONVERSION = YES;
				CLANG_WARN_DEPRECATED_OBJC_IMPLEMENTATIONS = YES;
				CLANG_WARN_DIRECT_OBJC_ISA_USAGE = YES_ERROR;
				CLANG_WARN_DOCUMENTATION_COMMENTS = YES;
				CLANG_WARN_EMPTY_BODY = YES;
				CLANG_WARN_ENUM_CONVERSION = YES;
				CLANG_WARN_INFINITE_RECURSION = YES;
				CLANG_WARN_INT_CONVERSION = YES;
				CLANG_WARN_NON_LITERAL_NULL_CONVERSION = YES;
				CLANG_WARN_OBJC_IMPLICIT_RETAIN_SELF = YES;
				CLANG_WARN_OBJC_LITERAL_CONVERSION = YES;
				CLANG_WARN_OBJC_ROOT_CLASS = YES_ERROR;
				CLANG_WARN_RANGE_LOOP_ANALYSIS = YES;
				CLANG_WARN_STRICT_PROTOTYPES = YES;
				CLANG_WARN_SUSPICIOUS_MOVE = YES;
				CLANG_WARN_UNGUARDED_AVAILABILITY = YES_AGGRESSIVE;
				CLANG_WARN_UNREACHABLE_CODE = YES;
				CLANG_WARN__DUPLICATE_METHOD_MATCH = YES;
				CODE_SIGN_IDENTITY = "-";
				COPY_PHASE_STRIP = NO;
				DEBUG_INFORMATION_FORMAT = "dwarf-with-dsym";
				ENABLE_NS_ASSERTIONS = NO;
				ENABLE_STRICT_OBJC_MSGSEND = YES;
				GCC_C_LANGUAGE_STANDARD = gnu11;
				GCC_NO_COMMON_BLOCKS = YES;
				GCC_WARN_64_TO_32_BIT_CONVERSION = YES;
				GCC_WARN_ABOUT_RETURN_TYPE = YES_ERROR;
				GCC_WARN_UNDECLARED_SELECTOR = YES;
				GCC_WARN_UNINITIALIZED_AUTOS = YES_AGGRESSIVE;
				GCC_WARN_UNUSED_FUNCTION = YES;
				GCC_WARN_UNUSED_VARIABLE = YES;
				HEADER_SEARCH_PATHS = lib;
				MACOSX_DEPLOYMENT_TARGET = 10.14;
				MTL_ENABLE_DEBUG_INFO = NO;
				MTL_FAST_MATH = YES;
				SDKROOT = macosx;
			};
			name = Release;
		};
		B53A910622A1DF4E00C2A1F8 /* Debug */ = {
			isa = XCBuildConfiguration;
			buildSettings = {
				CODE_SIGN_STYLE = Automatic;
				EXECUTABLE_PREFIX = lib;
				GCC_ENABLE_CPP_EXCEPTIONS = YES;
				GCC_ENABLE_CPP_RTTI = YES;
				HEADER_SEARCH_PATHS = (
					include,
					lib,
				);
				PRODUCT_NAME = "$(TARGET_NAME)";
				SKIP_INSTALL = YES;
			};
			name = Debug;
		};
		B53A910722A1DF4E00C2A1F8 /* Release */ = {
			isa = XCBuildConfiguration;
			buildSettings = {
				CODE_SIGN_STYLE = Automatic;
				EXECUTABLE_PREFIX = lib;
				GCC_ENABLE_CPP_EXCEPTIONS = YES;
				GCC_ENABLE_CPP_RTTI = YES;
				HEADER_SEARCH_PATHS = (
					include,
					lib,
				);
				PRODUCT_NAME = "$(TARGET_NAME)";
				SKIP_INSTALL = YES;
			};
			name = Release;
		};
/* End XCBuildConfiguration section */

/* Begin XCConfigurationList section */
		B53A90F522A1DF4E00C2A1F8 /* Build configuration list for PBXProject "DalRT" */ = {
			isa = XCConfigurationList;
			buildConfigurations = (
				B53A910322A1DF4E00C2A1F8 /* Debug */,
				B53A910422A1DF4E00C2A1F8 /* Release */,
			);
			defaultConfigurationIsVisible = 0;
			defaultConfigurationName = Release;
		};
		B53A910522A1DF4E00C2A1F8 /* Build configuration list for PBXNativeTarget "DalRT" */ = {
			isa = XCConfigurationList;
			buildConfigurations = (
				B53A910622A1DF4E00C2A1F8 /* Debug */,
				B53A910722A1DF4E00C2A1F8 /* Release */,
			);
			defaultConfigurationIsVisible = 0;
			defaultConfigurationName = Release;
		};
/* End XCConfigurationList section */
	};
	rootObject = B53A90F222A1DF4E00C2A1F8 /* Project object */;
}
