// !$*UTF8*$!
{
	archiveVersion = 1;
	classes = {
	};
	objectVersion = 50;
	objects = {

/* Begin PBXBuildFile section */
		B53A90FE22A1DF4E00C2A1F8 /* DalRT.hpp in Headers */ = {isa = PBXBuildFile; fileRef = B53A90FD22A1DF4E00C2A1F8 /* DalRT.hpp */; };
		B53A910022A1DF4E00C2A1F8 /* DalRTPriv.hpp in Headers */ = {isa = PBXBuildFile; fileRef = B53A90FF22A1DF4E00C2A1F8 /* DalRTPriv.hpp */; };
		B53A910222A1DF4E00C2A1F8 /* DalRT.cpp in Sources */ = {isa = PBXBuildFile; fileRef = B53A910122A1DF4E00C2A1F8 /* DalRT.cpp */; };
/* End PBXBuildFile section */

/* Begin PBXFileReference section */
		B53A90FA22A1DF4E00C2A1F8 /* libDalRT.a */ = {isa = PBXFileReference; explicitFileType = archive.ar; includeInIndex = 0; path = libDalRT.a; sourceTree = BUILT_PRODUCTS_DIR; };
		B53A90FD22A1DF4E00C2A1F8 /* DalRT.hpp */ = {isa = PBXFileReference; lastKnownFileType = sourcecode.cpp.h; path = DalRT.hpp; sourceTree = "<group>"; };
		B53A90FF22A1DF4E00C2A1F8 /* DalRTPriv.hpp */ = {isa = PBXFileReference; lastKnownFileType = sourcecode.cpp.h; path = DalRTPriv.hpp; sourceTree = "<group>"; };
		B53A910122A1DF4E00C2A1F8 /* DalRT.cpp */ = {isa = PBXFileReference; lastKnownFileType = sourcecode.cpp.cpp; path = DalRT.cpp; sourceTree = "<group>"; };
/* End PBXFileReference section */

/* Begin PBXFrameworksBuildPhase section */
		B53A90F822A1DF4E00C2A1F8 /* Frameworks */ = {
			isa = PBXFrameworksBuildPhase;
			buildActionMask = 2147483647;
			files = (
			);
			runOnlyForDeploymentPostprocessing = 0;
		};
/* End PBXFrameworksBuildPhase section */

/* Begin PBXGroup section */
		B53A90F122A1DF4E00C2A1F8 = {
			isa = PBXGroup;
			children = (
				B53A90FC22A1DF4E00C2A1F8 /* DalRT */,
				B53A90FB22A1DF4E00C2A1F8 /* Products */,
			);
			sourceTree = "<group>";
		};
		B53A90FB22A1DF4E00C2A1F8 /* Products */ = {
			isa = PBXGroup;
			children = (
				B53A90FA22A1DF4E00C2A1F8 /* libDalRT.a */,
			);
			name = Products;
			sourceTree = "<group>";
		};
		B53A90FC22A1DF4E00C2A1F8 /* DalRT */ = {
			isa = PBXGroup;
			children = (
				B53A90FD22A1DF4E00C2A1F8 /* DalRT.hpp */,
				B53A90FF22A1DF4E00C2A1F8 /* DalRTPriv.hpp */,
				B53A910122A1DF4E00C2A1F8 /* DalRT.cpp */,
			);
			path = DalRT;
			sourceTree = "<group>";
		};
/* End PBXGroup section */

/* Begin PBXHeadersBuildPhase section */
		B53A90F622A1DF4E00C2A1F8 /* Headers */ = {
			isa = PBXHeadersBuildPhase;
			buildActionMask = 2147483647;
			files = (
				B53A90FE22A1DF4E00C2A1F8 /* DalRT.hpp in Headers */,
				B53A910022A1DF4E00C2A1F8 /* DalRTPriv.hpp in Headers */,
			);
			runOnlyForDeploymentPostprocessing = 0;
		};
/* End PBXHeadersBuildPhase section */

/* Begin PBXNativeTarget section */
		B53A90F922A1DF4E00C2A1F8 /* DalRT */ = {
			isa = PBXNativeTarget;
			buildConfigurationList = B53A910522A1DF4E00C2A1F8 /* Build configuration list for PBXNativeTarget "DalRT" */;
			buildPhases = (
				B53A90F622A1DF4E00C2A1F8 /* Headers */,
				B53A90F722A1DF4E00C2A1F8 /* Sources */,
				B53A90F822A1DF4E00C2A1F8 /* Frameworks */,
			);
			buildRules = (
			);
			dependencies = (
			);
			name = DalRT;
			productName = DalRT;
			productReference = B53A90FA22A1DF4E00C2A1F8 /* libDalRT.a */;
			productType = "com.apple.product-type.library.static";
		};
/* End PBXNativeTarget section */

/* Begin PBXProject section */
		B53A90F222A1DF4E00C2A1F8 /* Project object */ = {
			isa = PBXProject;
			attributes = {
				LastUpgradeCheck = 1020;
				ORGANIZATIONNAME = "Dallas McNeil";
				TargetAttributes = {
					B53A90F922A1DF4E00C2A1F8 = {
						CreatedOnToolsVersion = 10.2.1;
					};
				};
			};
			buildConfigurationList = B53A90F522A1DF4E00C2A1F8 /* Build configuration list for PBXProject "DalRT" */;
			compatibilityVersion = "Xcode 9.3";
			developmentRegion = en;
			hasScannedForEncodings = 0;
			knownRegions = (
				en,
			);
			mainGroup = B53A90F122A1DF4E00C2A1F8;
			productRefGroup = B53A90FB22A1DF4E00C2A1F8 /* Products */;
			projectDirPath = "";
			projectRoot = "";
			targets = (
				B53A90F922A1DF4E00C2A1F8 /* DalRT */,
			);
		};
/* End PBXProject section */

/* Begin PBXSourcesBuildPhase section */
		B53A90F722A1DF4E00C2A1F8 /* Sources */ = {
			isa = PBXSourcesBuildPhase;
			buildActionMask = 2147483647;
			files = (
				B53A910222A1DF4E00C2A1F8 /* DalRT.cpp in Sources */,
			);
			runOnlyForDeploymentPostprocessing = 0;
		};
/* End PBXSourcesBuildPhase section */

/* Begin XCBuildConfiguration section */
		B53A910322A1DF4E00C2A1F8 /* Debug */ = {
			isa = XCBuildConfiguration;
			buildSettings = {
				ALWAYS_SEARCH_USER_PATHS = NO;
				CLANG_ANALYZER_NONNULL = YES;
				CLANG_ANALYZER_NUMBER_OBJECT_CONVERSION = YES_AGGRESSIVE;
				CLANG_CXX_LANGUAGE_STANDARD = "gnu++14";
				CLANG_CXX_LIBRARY = "libc++";
				CLANG_ENABLE_MODULES = YES;
				CLANG_ENABLE_OBJC_ARC = YES;
				CLANG_ENABLE_OBJC_WEAK = YES;
				CLANG_WARN_BLOCK_CAPTURE_AUTORELEASING = YES;
				CLANG_WARN_BOOL_CONVERSION = YES;
				CLANG_WARN_COMMA = YES;
				CLANG_WARN_CONSTANT_CONVERSION = YES;
				CLANG_WARN_DEPRECATED_OBJC_IMPLEMENTATIONS = YES;
				CLANG_WARN_DIRECT_OBJC_ISA_USAGE = YES_ERROR;
				CLANG_WARN_DOCUMENTATION_COMMENTS = YES;
				CLANG_WARN_EMPTY_BODY = YES;
				CLANG_WARN_ENUM_CONVERSION = YES;
				CLANG_WARN_INFINITE_RECURSION = YES;
				CLANG_WARN_INT_CONVERSION = YES;
				CLANG_WARN_NON_LITERAL_NULL_CONVERSION = YES;
				CLANG_WARN_OBJC_IMPLICIT_RETAIN_SELF = YES;
				CLANG_WARN_OBJC_LITERAL_CONVERSION = YES;
				CLANG_WARN_OBJC_ROOT_CLASS = YES_ERROR;
				CLANG_WARN_RANGE_LOOP_ANALYSIS = YES;
				CLANG_WARN_STRICT_PROTOTYPES = YES;
				CLANG_WARN_SUSPICIOUS_MOVE = YES;
				CLANG_WARN_UNGUARDED_AVAILABILITY = YES_AGGRESSIVE;
				CLANG_WARN_UNREACHABLE_CODE = YES;
				CLANG_WARN__DUPLICATE_METHOD_MATCH = YES;
				CODE_SIGN_IDENTITY = "-";
				COPY_PHASE_STRIP = NO;
				DEBUG_INFORMATION_FORMAT = dwarf;
				ENABLE_STRICT_OBJC_MSGSEND = YES;
				ENABLE_TESTABILITY = YES;
				GCC_C_LANGUAGE_STANDARD = gnu11;
				GCC_DYNAMIC_NO_PIC = NO;
				GCC_NO_COMMON_BLOCKS = YES;
				GCC_OPTIMIZATION_LEVEL = 0;
				GCC_PREPROCESSOR_DEFINITIONS = (
					"DEBUG=1",
					"$(inherited)",
				);
				GCC_WARN_64_TO_32_BIT_CONVERSION = YES;
				GCC_WARN_ABOUT_RETURN_TYPE = YES_ERROR;
				GCC_WARN_UNDECLARED_SELECTOR = YES;
				GCC_WARN_UNINITIALIZED_AUTOS = YES_AGGRESSIVE;
				GCC_WARN_UNUSED_FUNCTION = YES;
				GCC_WARN_UNUSED_VARIABLE = YES;
				MACOSX_DEPLOYMENT_TARGET = 10.14;
				MTL_ENABLE_DEBUG_INFO = INCLUDE_SOURCE;
				MTL_FAST_MATH = YES;
				ONLY_ACTIVE_ARCH = YES;
				SDKROOT = macosx;
			};
			name = Debug;
		};
		B53A910422A1DF4E00C2A1F8 /* Release */ = {
			isa = XCBuildConfiguration;
			buildSettings = {
				ALWAYS_SEARCH_USER_PATHS = NO;
				CLANG_ANALYZER_NONNULL = YES;
				CLANG_ANALYZER_NUMBER_OBJECT_CONVERSION = YES_AGGRESSIVE;
				CLANG_CXX_LANGUAGE_STANDARD = "gnu++14";
				CLANG_CXX_LIBRARY = "libc++";
				CLANG_ENABLE_MODULES = YES;
				CLANG_ENABLE_OBJC_ARC = YES;
				CLANG_ENABLE_OBJC_WEAK = YES;
				CLANG_WARN_BLOCK_CAPTURE_AUTORELEASING = YES;
				CLANG_WARN_BOOL_CONVERSION = YES;
				CLANG_WARN_COMMA = YES;
				CLANG_WARN_CONSTANT_CONVERSION = YES;
				CLANG_WARN_DEPRECATED_OBJC_IMPLEMENTATIONS = YES;
				CLANG_WARN_DIRECT_OBJC_ISA_USAGE = YES_ERROR;
				CLANG_WARN_DOCUMENTATION_COMMENTS = YES;
				CLANG_WARN_EMPTY_BODY = YES;
				CLANG_WARN_ENUM_CONVERSION = YES;
				CLANG_WARN_INFINITE_RECURSION = YES;
				CLANG_WARN_INT_CONVERSION = YES;
				CLANG_WARN_NON_LITERAL_NULL_CONVERSION = YES;
				CLANG_WARN_OBJC_IMPLICIT_RETAIN_SELF = YES;
				CLANG_WARN_OBJC_LITERAL_CONVERSION = YES;
				CLANG_WARN_OBJC_ROOT_CLASS = YES_ERROR;
				CLANG_WARN_RANGE_LOOP_ANALYSIS = YES;
				CLANG_WARN_STRICT_PROTOTYPES = YES;
				CLANG_WARN_SUSPICIOUS_MOVE = YES;
				CLANG_WARN_UNGUARDED_AVAILABILITY = YES_AGGRESSIVE;
				CLANG_WARN_UNREACHABLE_CODE = YES;
				CLANG_WARN__DUPLICATE_METHOD_MATCH = YES;
				CODE_SIGN_IDENTITY = "-";
				COPY_PHASE_STRIP = NO;
				DEBUG_INFORMATION_FORMAT = "dwarf-with-dsym";
				ENABLE_NS_ASSERTIONS = NO;
				ENABLE_STRICT_OBJC_MSGSEND = YES;
				GCC_C_LANGUAGE_STANDARD = gnu11;
				GCC_NO_COMMON_BLOCKS = YES;
				GCC_WARN_64_TO_32_BIT_CONVERSION = YES;
				GCC_WARN_ABOUT_RETURN_TYPE = YES_ERROR;
				GCC_WARN_UNDECLARED_SELECTOR = YES;
				GCC_WARN_UNINITIALIZED_AUTOS = YES_AGGRESSIVE;
				GCC_WARN_UNUSED_FUNCTION = YES;
				GCC_WARN_UNUSED_VARIABLE = YES;
				MACOSX_DEPLOYMENT_TARGET = 10.14;
				MTL_ENABLE_DEBUG_INFO = NO;
				MTL_FAST_MATH = YES;
				SDKROOT = macosx;
			};
			name = Release;
		};
		B53A910622A1DF4E00C2A1F8 /* Debug */ = {
			isa = XCBuildConfiguration;
			buildSettings = {
				CODE_SIGN_STYLE = Automatic;
				EXECUTABLE_PREFIX = lib;
				GCC_ENABLE_CPP_EXCEPTIONS = YES;
				GCC_ENABLE_CPP_RTTI = YES;
				PRODUCT_NAME = "$(TARGET_NAME)";
				SKIP_INSTALL = YES;
			};
			name = Debug;
		};
		B53A910722A1DF4E00C2A1F8 /* Release */ = {
			isa = XCBuildConfiguration;
			buildSettings = {
				CODE_SIGN_STYLE = Automatic;
				EXECUTABLE_PREFIX = lib;
				GCC_ENABLE_CPP_EXCEPTIONS = YES;
				GCC_ENABLE_CPP_RTTI = YES;
				PRODUCT_NAME = "$(TARGET_NAME)";
				SKIP_INSTALL = YES;
			};
			name = Release;
		};
/* End XCBuildConfiguration section */

/* Begin XCConfigurationList section */
		B53A90F522A1DF4E00C2A1F8 /* Build configuration list for PBXProject "DalRT" */ = {
			isa = XCConfigurationList;
			buildConfigurations = (
				B53A910322A1DF4E00C2A1F8 /* Debug */,
				B53A910422A1DF4E00C2A1F8 /* Release */,
			);
			defaultConfigurationIsVisible = 0;
			defaultConfigurationName = Release;
		};
		B53A910522A1DF4E00C2A1F8 /* Build configuration list for PBXNativeTarget "DalRT" */ = {
			isa = XCConfigurationList;
			buildConfigurations = (
				B53A910622A1DF4E00C2A1F8 /* Debug */,
				B53A910722A1DF4E00C2A1F8 /* Release */,
			);
			defaultConfigurationIsVisible = 0;
			defaultConfigurationName = Release;
		};
/* End XCConfigurationList section */
	};
	rootObject = B53A90F222A1DF4E00C2A1F8 /* Project object */;
}
